{
  "version": 4,
  "terraform_version": "1.12.2",
  "serial": 202,
  "lineage": "d3bbdc2a-a141-79ba-ccf9-f7c39224e12c",
  "outputs": {
    "alb_dns_name": {
      "value": "NginxDemo-ALB-1461164369.us-east-1.elb.amazonaws.com",
      "type": "string"
    },
    "alb_http_listener_arn": {
      "value": "arn:aws:elasticloadbalancing:us-east-1:292235351794:listener/app/NginxDemo-ALB/672a84bfb294b019/8c3f49323697b9ef",
      "type": "string"
    },
    "alb_security_group_id": {
      "value": "sg-004753e3e345442d6",
      "type": "string"
    },
    "alb_target_group_arn": {
      "value": "arn:aws:elasticloadbalancing:us-east-1:292235351794:targetgroup/NginxDemo-NginxTG/8051ef0ebb42db08",
      "type": "string"
    },
    "ansible_control_node_public_ip": {
      "value": "13.222.103.58",
      "type": "string"
    },
    "ansible_control_profile_arn": {
      "value": "arn:aws:iam::292235351794:instance-profile/NginxDemo-AnsibleProfile",
      "type": "string"
    },
    "ansible_control_role_arn": {
      "value": "arn:aws:iam::292235351794:role/NginxDemo-AnsibleRole",
      "type": "string"
    },
    "ansible_control_sg_id": {
      "value": "sg-0dac2821a28887333",
      "type": "string"
    },
    "autoscaling_group_name_output": {
      "value": "NginxDemo-ASG",
      "type": "string"
    },
    "ec2_iam_role_arn": {
      "value": "arn:aws:iam::292235351794:role/NginxDemo-EC2Role",
      "type": "string"
    },
    "ec2_instance_profile_arn": {
      "value": "arn:aws:iam::292235351794:instance-profile/NginxDemo-EC2Profile",
      "type": "string"
    },
    "ec2_security_group_id": {
      "value": "sg-07990bafea9201ef7",
      "type": "string"
    },
    "internet_gateway_id": {
      "value": "igw-014dfe11b6c132ced",
      "type": "string"
    },
    "launch_template_id": {
      "value": "lt-03e650ba59ca28204",
      "type": "string"
    },
    "nat_gateway_id": {
      "value": "nat-00e253523158b0b0c",
      "type": "string"
    },
    "nat_gateway_public_ip": {
      "value": "50.16.98.8",
      "type": "string"
    },
    "private_key": {
      "value": "-----BEGIN RSA PRIVATE KEY-----\nMIIJKAIBAAKCAgEA0g9K2VFLwU6x782+nKosyNNDW+vIlG3lq8N5c839/Tdw+zYz\n/NSD/sr20wMyUaHdjDwYp5ZX/UXod5wl/bwPQayoPd9pPu9FC0odjhfloO6OChvf\nVC9ntmZc3FQyNy0XJGzbx4LYzZY3dspB4KNzTs9KSvwNonL2EMfe8VwRKz6rXkh1\njC/c9yZe6R5YcBLv8k5+4vgx+75exaUmgMh4aokYrnzzDgF4qjjXhEXSNovNg2b0\n98d+BWwS2f/cElB+aPHrgTkWpMYYBDqHH/7srvT/PwqqfoIWMHK8a2jKBXUkjjYU\nhaDe20CwUFuXr73g5A3SdgJnBzEP0zbbbZSwfX5tDA4UyqSvJKTYxwcK2KjXlJtm\nv03YyuEtnovs9WkAukt7HrwLjaVD7iasIvF2n08UneV45FF3P/jbXzdlIkvUSovb\nm8IuPvmkx1yoqbLPa5/lBhPkQ6a+k2DiVQCg5GS2JPlQmF1nF5fX5vL/FzEVUjm9\n63CW532iIrCwu4lNUk2oaxkYZK+RnMQZfv4GZ4ymbpwNq0LyUFYa2f06k5/lbRqG\nMSN86aGMKN1IRxJMC6irSDj1aEHZ62JikzTKb3AZvylWKjriqeTtP97IadslPUda\nggJXm9e2QgcBFDmpp0C8X8stIappjg/1YuWkq+H9zu/X+QH9aNSeT1zc0w8CAwEA\nAQKCAgA7T48SQlaR+87ZB25ZHOGtSJ190FrfshIFyBk8Xf7npuZTQBA4xKaKZDOC\nDCaCjyIXjQZnF1e7zyfe0euWM6nZIM+WPMUiPHvxvpkOvGedY44eg5Uw13vAsDFr\nEqjlFGmy4rvBnwvpLI93jo9ARtZxe60d9AJDipM41L55xsWgQL8xTWNHVGJfNGnb\nB7Lv3iD6+TfxjSPL0Yo/4yw2c6QwbIpYBja4jyjLY2ZS1kYPGbVK82Car6zBCi1e\neVRhpXGz3w7ge0aN+tLgKshpe9jHY6zIV5IhS0jJoDPcXgegt908/D8aJfyWyrKd\n1ebD++iKa+6vXGlLygoOWLBnRfL40RWNPqFMFZZzuMpo0fWBfUJSBUffaSSroRzF\nykeddrZnBBpuvi84o2yzyZknBQi81dHTcVdD9jo8luKqM1uC9hAGQrZaFk+UQ0iH\n3sNX+QwBBIRdPdMBR1B2fJRa6rpxrYTL3Z+vFz/ISeKWLyBg9hkMq6+RjSQ20FEi\nKIG8EK3AmV99unVAf8hc4qONgo6e29LcdJu7fIViV3hl/oPO80MW4QPx1CxSv4gm\nqa603doLa2oz1Toe3aqD5i6o3L7u32nnT3YaVvE0YRUqzb9WMN7iDXWgHsi890Wd\nmFmmXtUyBXq6OwrojMSw5b7BhY8jgKwdMkQ6hamiTDKYt3ExDQKCAQEA35NLI3z0\nFuG5PjlO8ku56ulIvL7CXWgdZ2fby1Nf95Mrwiw/SoFaFytTvlwNr+8eZ3JUXT1e\nEaUawhMDhW1rMVvWDCq8qzILHYSj6KBvpEzYgUYBlVd3MJSGfZI/vYwXIYwQNPhY\n/od7PihMNrLkIrkmt/C9LBSBzDmsYfOPspj4CEczbSRy7a7Bw9ZmGUF5a/mg4iKz\niIb1rOmk2gXUoJPK3Thumm3Sd38U4aI5O08xG8olGSNUOylbrVaFO4k3BxNigArb\nawK2TxpkuK0ybz65sk03I5VKZSvnkVP/bxEvCbuVzGPv88xCFQ1r2ehJdD1a2+X/\n5fvraUxI7JDRuwKCAQEA8IYz4NpiyB8CzxQLMRT8BUjmwI+PhavmNPmbVlMn8E5G\nHOGRm/FotIC37ROAD/wIeZXcOUMxAh+Qy8wSURwMDY5mJGqaHaMinfoehixPjM/s\nHdIFjNEcpEq+c+t6k+BiYLOKwyW4mJl9fX+K4pyB4Nn0yBIEjcQh4gXrZo51SX+h\n7MhU0JDsumIDQJ0vba/uPTSgaW7mGX3cEhFqm+TPnI+acv9uaAUmyQ8aJEL1AZCE\n5Q1AfStbkvWEtMF46lnYFTuIGnmmMJ5g6kTFSqQmpPIklwqn6IHk/ComeF7UlDRW\ncwxUvMlhMp3MqY6qrp7oxyRADhZcVOz0BH9FoIg0vQKCAQEAhQkre9l9kSQNy2Xk\ngS7oWU0pWA6Wr2glnwNg+VMKVtI/BpK3sojX59ODSFGUX20FBX81jinXEN7S1krk\nHIAoeb1w19qSW7gyfwUPV3woEncbmYjjpk7egIzQnmXpAcwbc33ZovtoUUSi5DCs\ncRvvvm24CVn55wHo3nIvDjYU+qwlYx+jDT3UGXSUngi0xjB8pPBseEM323SbOaHp\n00YG6Ooom4xZ3BCfXTXEYiLatV0BFs0pWBT6qR2KDNHgA7Y5hT9WrGRJfhqmCtnk\ntzNwQFvtuZhSyBysoRkH+SUnaJqsB7mUgIOzI7oWVFqhI5AiLUXZC+KHa/2EbirT\nddkSwwKCAQB5unHnCp+TyJ4TT4GahZRG2G5wZjes3yLTDMChH9TGudaiJ0caNUNY\nlwx+36+gZ12iq0WZdXgIKxGNEuryQc+XzMnFBG6bMUUDzuJD5YkdKt3E+dX1Pp/Q\nRkO9Rx/yV01yw2sm+KBEGup36WTQ64SP178awoOre+fqDDTm4pJZcE7zFzBVngMx\nEQm0Wdj3GmLodwn4UjgCDsCiJE5gN50bD1KLgNrPqkvG1e3VDE4TTKD1i49nydm+\ntqNDF+eqM2440LhBLe/+CynhZoyzCgDE2gfKqYnxEkxhkrOFl/jeSN63uzXnlcOr\nalF6PsoDNkl4/8+rUYXJNWMKI5+Jb2XBAoIBADtNvkBkzQdUMnCTxzPP5oEEcTbf\nCAS65x4nbCMawUpdWo3CN8/6ESmXXDe1CDUCs/vRHPhJla4LkqWXJ1xFyD8tCKjm\nACz+9lZAS1eGqUGc/9dAZIjYP67xr39VDh7X+3joUfxJ7RUNXRboJ7NkxygVmaJu\nZG1FH9PlRDnUCo2CtCDnkRdgco8bCtg+bBOmxAzYyH+NmsPqeL4/3UUx1KqcIvFN\nQYrM7BPKNae+dbiK8Hqt2S/XV6kj3xwkkRb7iCTT3FnlPT1XPUk+uDm5+y4gc4Ap\nrsVvDy8lWpYm2ee1rv//CEVuK1irgjS4MSC/65+2hMRnov7PEc4Lwdyx8ac=\n-----END RSA PRIVATE KEY-----\n",
      "type": "string",
      "sensitive": true
    },
    "private_route_table_id": {
      "value": "rtb-07bf94c9642dc9b0c",
      "type": "string"
    },
    "private_subnet_ids": {
      "value": [
        "subnet-0378f9962cfce86a9",
        "subnet-00cac3db7e43c07dc"
      ],
      "type": [
        "tuple",
        [
          "string",
          "string"
        ]
      ]
    },
    "public_route_table_id": {
      "value": "rtb-0393cc8a0592d005a",
      "type": "string"
    },
    "public_subnet_ids": {
      "value": [
        "subnet-0cbf854040cc73081",
        "subnet-0ba43263cf0c669a7"
      ],
      "type": [
        "tuple",
        [
          "string",
          "string"
        ]
      ]
    },
    "ssh_key_pair_id": {
      "value": "NginxDemo-Key",
      "type": "string"
    },
    "vpc_id": {
      "value": "vpc-05691143d3f6baeef",
      "type": "string"
    }
  },
  "resources": [
    {
      "mode": "managed",
      "type": "aws_autoscaling_group",
      "name": "nginx_asg",
      "provider": "provider[\"registry.terraform.io/hashicorp/aws\"]",
      "instances": [
        {
          "schema_version": 1,
          "attributes": {
            "arn": "arn:aws:autoscaling:us-east-1:292235351794:autoScalingGroup:bc101eec-a791-47e5-9344-1d4f8aeb3dc0:autoScalingGroupName/NginxDemo-ASG",
            "availability_zone_distribution": [
              {
                "capacity_distribution_strategy": "balanced-best-effort"
              }
            ],
            "availability_zones": [
              "us-east-1a",
              "us-east-1b"
            ],
            "capacity_rebalance": false,
            "capacity_reservation_specification": [
              {
                "capacity_reservation_preference": "default",
                "capacity_reservation_target": []
              }
            ],
            "context": "",
            "default_cooldown": 300,
            "default_instance_warmup": 0,
            "desired_capacity": 2,
            "desired_capacity_type": "",
            "enabled_metrics": [],
            "force_delete": false,
            "force_delete_warm_pool": false,
            "health_check_grace_period": 300,
            "health_check_type": "ELB",
            "id": "NginxDemo-ASG",
            "ignore_failed_scaling_activities": false,
            "initial_lifecycle_hook": [],
            "instance_maintenance_policy": [],
            "instance_refresh": [],
            "launch_configuration": "",
            "launch_template": [
              {
                "id": "lt-03e650ba59ca28204",
                "name": "NginxDemo-LaunchTemplate-20250804084420790000000005",
                "version": "$Latest"
              }
            ],
            "load_balancers": [],
            "max_instance_lifetime": 0,
            "max_size": 4,
            "metrics_granularity": "1Minute",
            "min_elb_capacity": null,
            "min_size": 2,
            "mixed_instances_policy": [],
            "name": "NginxDemo-ASG",
            "name_prefix": "",
            "placement_group": "",
            "predicted_capacity": 0,
            "protect_from_scale_in": false,
            "service_linked_role_arn": "arn:aws:iam::292235351794:role/aws-service-role/autoscaling.amazonaws.com/AWSServiceRoleForAutoScaling",
            "suspended_processes": [],
            "tag": [
              {
                "key": "Environment",
                "propagate_at_launch": false,
                "value": "Development"
              },
              {
                "key": "Environment",
                "propagate_at_launch": true,
                "value": "Development"
              },
              {
                "key": "ManagedBy",
                "propagate_at_launch": false,
                "value": "Terraform"
              },
              {
                "key": "ManagedBy",
                "propagate_at_launch": true,
                "value": "Terraform"
              },
              {
                "key": "Name",
                "propagate_at_launch": false,
                "value": "NginxDemo-ASG"
              },
              {
                "key": "Name",
                "propagate_at_launch": true,
                "value": "NginxDemo-NginxServer-ASG-Instance"
              },
              {
                "key": "Project",
                "propagate_at_launch": false,
                "value": "NginxDemo"
              },
              {
                "key": "Project",
                "propagate_at_launch": true,
                "value": "NginxDemo"
              }
            ],
            "target_group_arns": [
              "arn:aws:elasticloadbalancing:us-east-1:292235351794:targetgroup/NginxDemo-NginxTG/8051ef0ebb42db08"
            ],
            "termination_policies": [],
            "timeouts": null,
            "traffic_source": [
              {
                "identifier": "arn:aws:elasticloadbalancing:us-east-1:292235351794:targetgroup/NginxDemo-NginxTG/8051ef0ebb42db08",
                "type": "elbv2"
              }
            ],
            "vpc_zone_identifier": [
              "subnet-00cac3db7e43c07dc",
              "subnet-0378f9962cfce86a9"
            ],
            "wait_for_capacity_timeout": "10m",
            "wait_for_elb_capacity": null,
            "warm_pool": [],
            "warm_pool_size": 0
          },
          "sensitive_attributes": [],
          "identity_schema_version": 0,
          "private": "eyJlMmJmYjczMC1lY2FhLTExZTYtOGY4OC0zNDM2M2JjN2M0YzAiOnsiZGVsZXRlIjo2MDAwMDAwMDAwMDAsInVwZGF0ZSI6NjAwMDAwMDAwMDAwfSwic2NoZW1hX3ZlcnNpb24iOiIxIn0=",
          "dependencies": [
            "aws_iam_instance_profile.ec2_profile",
            "aws_iam_role.ec2_role",
            "aws_key_pair.generated_key",
            "aws_launch_template.nginx_lt",
            "aws_lb_target_group.nginx_tg",
            "aws_security_group.alb_sg",
            "aws_security_group.ec2_sg",
            "aws_subnet.private_subnets",
            "aws_vpc.main",
            "tls_private_key.ssh_key"
          ],
          "create_before_destroy": true
        }
      ]
    },
    {
      "mode": "managed",
      "type": "aws_eip",
      "name": "nat_eip",
      "provider": "provider[\"registry.terraform.io/hashicorp/aws\"]",
      "instances": [
        {
          "schema_version": 0,
          "attributes": {
            "address": null,
            "allocation_id": "eipalloc-03fd3e093e33c988d",
            "arn": "arn:aws:ec2:us-east-1:292235351794:elastic-ip/eipalloc-03fd3e093e33c988d",
            "associate_with_private_ip": null,
            "association_id": "eipassoc-047ccc2b2d8821a56",
            "carrier_ip": "",
            "customer_owned_ip": "",
            "customer_owned_ipv4_pool": "",
            "domain": "vpc",
            "id": "eipalloc-03fd3e093e33c988d",
            "instance": "",
            "ipam_pool_id": null,
            "network_border_group": "us-east-1",
            "network_interface": "eni-01cb33ef7577b85e4",
            "private_dns": "ip-10-0-1-154.ec2.internal",
            "private_ip": "10.0.1.154",
            "ptr_record": "",
            "public_dns": "ec2-50-16-98-8.compute-1.amazonaws.com",
            "public_ip": "50.16.98.8",
            "public_ipv4_pool": "amazon",
            "tags": {
              "Environment": "Development",
              "ManagedBy": "Terraform",
              "Name": "NginxDemo-NATEIP",
              "Project": "NginxDemo"
            },
            "tags_all": {
              "Environment": "Development",
              "ManagedBy": "Terraform",
              "Name": "NginxDemo-NATEIP",
              "Project": "NginxDemo"
            },
            "timeouts": null,
            "vpc": true
          },
          "sensitive_attributes": [],
          "identity_schema_version": 0,
          "private": "eyJlMmJmYjczMC1lY2FhLTExZTYtOGY4OC0zNDM2M2JjN2M0YzAiOnsiZGVsZXRlIjoxODAwMDAwMDAwMDAsInJlYWQiOjkwMDAwMDAwMDAwMCwidXBkYXRlIjozMDAwMDAwMDAwMDB9fQ=="
        }
      ]
    },
    {
      "mode": "managed",
      "type": "aws_iam_instance_profile",
      "name": "ansible_control_profile",
      "provider": "provider[\"registry.terraform.io/hashicorp/aws\"]",
      "instances": [
        {
          "schema_version": 0,
          "attributes": {
            "arn": "arn:aws:iam::292235351794:instance-profile/NginxDemo-AnsibleProfile",
            "create_date": "2025-08-04T08:43:58Z",
            "id": "NginxDemo-AnsibleProfile",
            "name": "NginxDemo-AnsibleProfile",
            "name_prefix": "",
            "path": "/",
            "role": "NginxDemo-AnsibleRole",
            "tags": {},
            "tags_all": {},
            "unique_id": "AIPAUICUVS3ZJ2MYEU65V"
          },
          "sensitive_attributes": [],
          "identity_schema_version": 0,
          "private": "bnVsbA==",
          "dependencies": [
            "aws_iam_role.ansible_control_role"
          ]
        }
      ]
    },
    {
      "mode": "managed",
      "type": "aws_iam_instance_profile",
      "name": "ec2_profile",
      "provider": "provider[\"registry.terraform.io/hashicorp/aws\"]",
      "instances": [
        {
          "schema_version": 0,
          "attributes": {
            "arn": "arn:aws:iam::292235351794:instance-profile/NginxDemo-EC2Profile",
            "create_date": "2025-08-04T08:43:59Z",
            "id": "NginxDemo-EC2Profile",
            "name": "NginxDemo-EC2Profile",
            "name_prefix": "",
            "path": "/",
            "role": "NginxDemo-EC2Role",
            "tags": {},
            "tags_all": {},
            "unique_id": "AIPAUICUVS3ZKGKPCLBSR"
          },
          "sensitive_attributes": [],
          "identity_schema_version": 0,
          "private": "bnVsbA==",
          "dependencies": [
            "aws_iam_role.ec2_role"
          ],
          "create_before_destroy": true
        }
      ]
    },
    {
      "mode": "managed",
      "type": "aws_iam_policy",
      "name": "ansible_inventory_policy",
      "provider": "provider[\"registry.terraform.io/hashicorp/aws\"]",
      "instances": [
        {
          "schema_version": 0,
          "attributes": {
            "arn": "arn:aws:iam::292235351794:policy/NginxDemo-AnsiblePolicy",
            "attachment_count": 1,
            "description": "Allows Ansible control node to describe EC2 instances for dynamic inventory.",
            "id": "arn:aws:iam::292235351794:policy/NginxDemo-AnsiblePolicy",
            "name": "NginxDemo-AnsiblePolicy",
            "name_prefix": "",
            "path": "/",
            "policy": "{\"Statement\":[{\"Action\":[\"ec2:DescribeInstances\",\"ec2:DescribeRegions\",\"ec2:DescribeVpcs\",\"ec2:DescribeSubnets\",\"ec2:DescribeSecurityGroups\",\"ec2:DescribeTags\",\"ec2:DescribeImages\",\"ec2:DescribeInstanceStatus\",\"ec2:CreateKeyPair\",\"ec2:CreateTags\",\"ec2:CreateSecurityGroup\",\"ec2:DeleteSecurityGroup\",\"ec2:AuthorizeSecurityGroupIngress\",\"ec2:AuthorizeSecurityGroupIngress\",\"ec2:RunInstances\",\"ec2:TerminateInstances\",\"ec2:StopInstances\",\"ec2:CreateImage\",\"ec2:DescribeVolumes\",\"ec2:DeregisterImage\",\"ec2:DeleteKeyPair\"],\"Effect\":\"Allow\",\"Resource\":\"*\"}],\"Version\":\"2012-10-17\"}",
            "policy_id": "ANPAUICUVS3ZGN6BACR2P",
            "tags": {
              "Environment": "Development",
              "ManagedBy": "Terraform",
              "Name": "NginxDemo-AnsiblePolicy",
              "Project": "NginxDemo"
            },
            "tags_all": {
              "Environment": "Development",
              "ManagedBy": "Terraform",
              "Name": "NginxDemo-AnsiblePolicy",
              "Project": "NginxDemo"
            }
          },
          "sensitive_attributes": [],
          "identity_schema_version": 0,
          "private": "bnVsbA=="
        }
      ]
    },
    {
      "mode": "managed",
      "type": "aws_iam_role",
      "name": "ansible_control_role",
      "provider": "provider[\"registry.terraform.io/hashicorp/aws\"]",
      "instances": [
        {
          "schema_version": 0,
          "attributes": {
            "arn": "arn:aws:iam::292235351794:role/NginxDemo-AnsibleRole",
            "assume_role_policy": "{\"Statement\":[{\"Action\":\"sts:AssumeRole\",\"Effect\":\"Allow\",\"Principal\":{\"Service\":\"ec2.amazonaws.com\"}}],\"Version\":\"2012-10-17\"}",
            "create_date": "2025-08-04T08:43:58Z",
            "description": "",
            "force_detach_policies": false,
            "id": "NginxDemo-AnsibleRole",
            "inline_policy": [],
            "managed_policy_arns": [
              "arn:aws:iam::292235351794:policy/NginxDemo-AnsiblePolicy",
              "arn:aws:iam::aws:policy/AmazonSSMManagedInstanceCore"
            ],
            "max_session_duration": 3600,
            "name": "NginxDemo-AnsibleRole",
            "name_prefix": "",
            "path": "/",
            "permissions_boundary": "",
            "tags": {
              "Environment": "Development",
              "ManagedBy": "Terraform",
              "Name": "NginxDemo-AnsibleRole",
              "Project": "NginxDemo"
            },
            "tags_all": {
              "Environment": "Development",
              "ManagedBy": "Terraform",
              "Name": "NginxDemo-AnsibleRole",
              "Project": "NginxDemo"
            },
            "unique_id": "AROAUICUVS3ZKLEBV6QHQ"
          },
          "sensitive_attributes": [],
          "identity_schema_version": 0,
          "private": "bnVsbA=="
        }
      ]
    },
    {
      "mode": "managed",
      "type": "aws_iam_role",
      "name": "ec2_role",
      "provider": "provider[\"registry.terraform.io/hashicorp/aws\"]",
      "instances": [
        {
          "schema_version": 0,
          "attributes": {
            "arn": "arn:aws:iam::292235351794:role/NginxDemo-EC2Role",
            "assume_role_policy": "{\"Statement\":[{\"Action\":\"sts:AssumeRole\",\"Effect\":\"Allow\",\"Principal\":{\"Service\":\"ec2.amazonaws.com\"}}],\"Version\":\"2012-10-17\"}",
            "create_date": "2025-08-04T08:43:58Z",
            "description": "",
            "force_detach_policies": false,
            "id": "NginxDemo-EC2Role",
            "inline_policy": [],
            "managed_policy_arns": [
              "arn:aws:iam::aws:policy/AmazonSSMManagedInstanceCore"
            ],
            "max_session_duration": 3600,
            "name": "NginxDemo-EC2Role",
            "name_prefix": "",
            "path": "/",
            "permissions_boundary": "",
            "tags": {
              "Environment": "Development",
              "ManagedBy": "Terraform",
              "Name": "NginxDemo-EC2Role",
              "Project": "NginxDemo"
            },
            "tags_all": {
              "Environment": "Development",
              "ManagedBy": "Terraform",
              "Name": "NginxDemo-EC2Role",
              "Project": "NginxDemo"
            },
            "unique_id": "AROAUICUVS3ZGZMZWEA7Z"
          },
          "sensitive_attributes": [],
          "identity_schema_version": 0,
          "private": "bnVsbA==",
          "create_before_destroy": true
        }
      ]
    },
    {
      "mode": "managed",
      "type": "aws_iam_role_policy_attachment",
      "name": "ansible_inventory_attachment",
      "provider": "provider[\"registry.terraform.io/hashicorp/aws\"]",
      "instances": [
        {
          "schema_version": 0,
          "attributes": {
            "id": "NginxDemo-AnsibleRole-20250804084359164800000002",
            "policy_arn": "arn:aws:iam::292235351794:policy/NginxDemo-AnsiblePolicy",
            "role": "NginxDemo-AnsibleRole"
          },
          "sensitive_attributes": [],
          "identity_schema_version": 0,
          "private": "bnVsbA==",
          "dependencies": [
            "aws_iam_policy.ansible_inventory_policy",
            "aws_iam_role.ansible_control_role"
          ]
        }
      ]
    },
    {
      "mode": "managed",
      "type": "aws_iam_role_policy_attachment",
      "name": "ansible_ssm_attachment",
      "provider": "provider[\"registry.terraform.io/hashicorp/aws\"]",
      "instances": [
        {
          "schema_version": 0,
          "attributes": {
            "id": "NginxDemo-AnsibleRole-20250804084359102200000001",
            "policy_arn": "arn:aws:iam::aws:policy/AmazonSSMManagedInstanceCore",
            "role": "NginxDemo-AnsibleRole"
          },
          "sensitive_attributes": [],
          "identity_schema_version": 0,
          "private": "bnVsbA==",
          "dependencies": [
            "aws_iam_role.ansible_control_role"
          ]
        }
      ]
    },
    {
      "mode": "managed",
      "type": "aws_iam_role_policy_attachment",
      "name": "ssm_attachment",
      "provider": "provider[\"registry.terraform.io/hashicorp/aws\"]",
      "instances": [
        {
          "schema_version": 0,
          "attributes": {
            "id": "NginxDemo-EC2Role-20250804084359397300000003",
            "policy_arn": "arn:aws:iam::aws:policy/AmazonSSMManagedInstanceCore",
            "role": "NginxDemo-EC2Role"
          },
          "sensitive_attributes": [],
          "identity_schema_version": 0,
          "private": "bnVsbA==",
          "dependencies": [
            "aws_iam_role.ec2_role"
          ]
        }
      ]
    },
    {
      "mode": "managed",
      "type": "aws_instance",
      "name": "ansible_control_node",
      "provider": "provider[\"registry.terraform.io/hashicorp/aws\"]",
      "instances": [
        {
          "schema_version": 1,
          "attributes": {
            "ami": "ami-08a6efd148b1f7504",
            "arn": "arn:aws:ec2:us-east-1:292235351794:instance/i-0cd4762ddd1be86e9",
            "associate_public_ip_address": true,
            "availability_zone": "us-east-1a",
            "capacity_reservation_specification": [
              {
                "capacity_reservation_preference": "open",
                "capacity_reservation_target": []
              }
            ],
            "cpu_core_count": 1,
            "cpu_options": [
              {
                "amd_sev_snp": "",
                "core_count": 1,
                "threads_per_core": 1
              }
            ],
            "cpu_threads_per_core": 1,
            "credit_specification": [
              {
                "cpu_credits": "standard"
              }
            ],
            "disable_api_stop": false,
            "disable_api_termination": false,
            "ebs_block_device": [],
            "ebs_optimized": false,
            "enable_primary_ipv6": null,
            "enclave_options": [
              {
                "enabled": false
              }
            ],
            "ephemeral_block_device": [],
            "get_password_data": false,
            "hibernation": false,
            "host_id": "",
            "host_resource_group_arn": null,
            "iam_instance_profile": "NginxDemo-AnsibleProfile",
            "id": "i-0cd4762ddd1be86e9",
            "instance_initiated_shutdown_behavior": "stop",
            "instance_lifecycle": "",
            "instance_market_options": [],
            "instance_state": "running",
            "instance_type": "t2.micro",
            "ipv6_address_count": 0,
            "ipv6_addresses": [],
            "key_name": "NginxDemo-Key",
            "launch_template": [],
            "maintenance_options": [
              {
                "auto_recovery": "default"
              }
            ],
            "metadata_options": [
              {
                "http_endpoint": "enabled",
                "http_protocol_ipv6": "disabled",
                "http_put_response_hop_limit": 2,
                "http_tokens": "required",
                "instance_metadata_tags": "disabled"
              }
            ],
            "monitoring": false,
            "network_interface": [],
            "outpost_arn": "",
            "password_data": "",
            "placement_group": "",
            "placement_partition_number": 0,
            "primary_network_interface_id": "eni-04999ff4d4dd39619",
            "private_dns": "ip-10-0-1-41.ec2.internal",
            "private_dns_name_options": [
              {
                "enable_resource_name_dns_a_record": false,
                "enable_resource_name_dns_aaaa_record": false,
                "hostname_type": "ip-name"
              }
            ],
            "private_ip": "10.0.1.41",
            "public_dns": "ec2-13-222-103-58.compute-1.amazonaws.com",
            "public_ip": "13.222.103.58",
            "root_block_device": [
              {
                "delete_on_termination": true,
                "device_name": "/dev/xvda",
                "encrypted": false,
                "iops": 3000,
                "kms_key_id": "",
                "tags": {},
                "tags_all": {},
                "throughput": 125,
                "volume_id": "vol-0354c9da036086251",
                "volume_size": 8,
                "volume_type": "gp3"
              }
            ],
            "secondary_private_ips": [],
            "security_groups": [],
            "source_dest_check": true,
            "spot_instance_request_id": "",
            "subnet_id": "subnet-0cbf854040cc73081",
            "tags": {
              "Environment": "Development",
              "ManagedBy": "Terraform",
              "Name": "NginxDemo-AnsibleControlNode",
              "Project": "NginxDemo"
            },
            "tags_all": {
              "Environment": "Development",
              "ManagedBy": "Terraform",
              "Name": "NginxDemo-AnsibleControlNode",
              "Project": "NginxDemo"
            },
            "tenancy": "default",
            "timeouts": null,
            "user_data": null,
            "user_data_base64": null,
            "user_data_replace_on_change": false,
            "volume_tags": null,
            "vpc_security_group_ids": [
              "sg-0dac2821a28887333"
            ]
          },
          "sensitive_attributes": [],
          "identity_schema_version": 0,
          "private": "eyJlMmJmYjczMC1lY2FhLTExZTYtOGY4OC0zNDM2M2JjN2M0YzAiOnsiY3JlYXRlIjo2MDAwMDAwMDAwMDAsImRlbGV0ZSI6MTIwMDAwMDAwMDAwMCwicmVhZCI6OTAwMDAwMDAwMDAwLCJ1cGRhdGUiOjYwMDAwMDAwMDAwMH0sInNjaGVtYV92ZXJzaW9uIjoiMSJ9",
          "dependencies": [
            "aws_iam_instance_profile.ansible_control_profile",
            "aws_iam_role.ansible_control_role",
            "aws_key_pair.generated_key",
            "aws_security_group.ansible_control_sg",
            "aws_subnet.public_subnets",
            "aws_vpc.main",
            "tls_private_key.ssh_key"
          ]
        }
      ]
    },
    {
      "mode": "managed",
      "type": "aws_internet_gateway",
      "name": "gw",
      "provider": "provider[\"registry.terraform.io/hashicorp/aws\"]",
      "instances": [
        {
          "schema_version": 0,
          "attributes": {
            "arn": "arn:aws:ec2:us-east-1:292235351794:internet-gateway/igw-014dfe11b6c132ced",
            "id": "igw-014dfe11b6c132ced",
            "owner_id": "292235351794",
            "tags": {
              "Environment": "Development",
              "ManagedBy": "Terraform",
              "Name": "NginxDemo-IGW",
              "Project": "NginxDemo"
            },
            "tags_all": {
              "Environment": "Development",
              "ManagedBy": "Terraform",
              "Name": "NginxDemo-IGW",
              "Project": "NginxDemo"
            },
            "timeouts": null,
            "vpc_id": "vpc-05691143d3f6baeef"
          },
          "sensitive_attributes": [],
          "identity_schema_version": 0,
          "private": "eyJlMmJmYjczMC1lY2FhLTExZTYtOGY4OC0zNDM2M2JjN2M0YzAiOnsiY3JlYXRlIjoxMjAwMDAwMDAwMDAwLCJkZWxldGUiOjEyMDAwMDAwMDAwMDAsInVwZGF0ZSI6MTIwMDAwMDAwMDAwMH19",
          "dependencies": [
            "aws_vpc.main"
          ]
        }
      ]
    },
    {
      "mode": "managed",
      "type": "aws_key_pair",
      "name": "generated_key",
      "provider": "provider[\"registry.terraform.io/hashicorp/aws\"]",
      "instances": [
        {
          "schema_version": 1,
          "attributes": {
            "arn": "arn:aws:ec2:us-east-1:292235351794:key-pair/NginxDemo-Key",
            "fingerprint": "cb:98:8e:b1:f0:5e:87:8c:37:4b:da:c5:80:55:37:cf",
            "id": "NginxDemo-Key",
            "key_name": "NginxDemo-Key",
            "key_name_prefix": "",
            "key_pair_id": "key-0df6146f741bf0772",
            "key_type": "rsa",
            "public_key": "ssh-rsa AAAAB3NzaC1yc2EAAAADAQABAAACAQDSD0rZUUvBTrHvzb6cqizI00Nb68iUbeWrw3lzzf39N3D7NjP81IP+yvbTAzJRod2MPBinllf9Reh3nCX9vA9BrKg932k+70ULSh2OF+Wg7o4KG99UL2e2ZlzcVDI3LRckbNvHgtjNljd2ykHgo3NOz0pK/A2icvYQx97xXBErPqteSHWML9z3Jl7pHlhwEu/yTn7i+DH7vl7FpSaAyHhqiRiufPMOAXiqONeERdI2i82DZvT3x34FbBLZ/9wSUH5o8euBORakxhgEOocf/uyu9P8/Cqp+ghYwcrxraMoFdSSONhSFoN7bQLBQW5evveDkDdJ2AmcHMQ/TNtttlLB9fm0MDhTKpK8kpNjHBwrYqNeUm2a/TdjK4S2ei+z1aQC6S3sevAuNpUPuJqwi8XafTxSd5XjkUXc/+NtfN2UiS9RKi9ubwi4++aTHXKipss9rn+UGE+RDpr6TYOJVAKDkZLYk+VCYXWcXl9fm8v8XMRVSOb3rcJbnfaIisLC7iU1STahrGRhkr5GcxBl+/gZnjKZunA2rQvJQVhrZ/TqTn+VtGoYxI3zpoYwo3UhHEkwLqKtIOPVoQdnrYmKTNMpvcBm/KVYqOuKp5O0/3shp2yU9R1qCAleb17ZCBwEUOamnQLxfyy0hqmmOD/Vi5aSr4f3O79f5Af1o1J5PXNzTDw==",
            "tags": {
              "Environment": "Development",
              "ManagedBy": "Terraform",
              "Name": "NginxDemo-Key",
              "Project": "NginxDemo"
            },
            "tags_all": {
              "Environment": "Development",
              "ManagedBy": "Terraform",
              "Name": "NginxDemo-Key",
              "Project": "NginxDemo"
            }
          },
          "sensitive_attributes": [],
          "identity_schema_version": 0,
          "private": "eyJzY2hlbWFfdmVyc2lvbiI6IjEifQ==",
          "dependencies": [
            "tls_private_key.ssh_key"
          ],
          "create_before_destroy": true
        }
      ]
    },
    {
      "mode": "managed",
      "type": "aws_launch_template",
      "name": "nginx_lt",
      "provider": "provider[\"registry.terraform.io/hashicorp/aws\"]",
      "instances": [
        {
          "schema_version": 0,
          "attributes": {
            "arn": "arn:aws:ec2:us-east-1:292235351794:launch-template/lt-03e650ba59ca28204",
            "block_device_mappings": [],
            "capacity_reservation_specification": [],
            "cpu_options": [],
            "credit_specification": [],
            "default_version": 1,
            "description": "",
            "disable_api_stop": false,
            "disable_api_termination": false,
            "ebs_optimized": "",
            "elastic_gpu_specifications": [],
            "elastic_inference_accelerator": [],
            "enclave_options": [],
            "hibernation_options": [],
            "iam_instance_profile": [
              {
                "arn": "",
                "name": "NginxDemo-EC2Profile"
              }
            ],
            "id": "lt-03e650ba59ca28204",
            "image_id": "ami-08a6efd148b1f7504",
            "instance_initiated_shutdown_behavior": "",
            "instance_market_options": [],
            "instance_requirements": [],
            "instance_type": "t2.micro",
            "kernel_id": "",
            "key_name": "NginxDemo-Key",
            "latest_version": 1,
            "license_specification": [],
            "maintenance_options": [],
            "metadata_options": [],
            "monitoring": [],
            "name": "NginxDemo-LaunchTemplate-20250804084420790000000005",
            "name_prefix": "NginxDemo-LaunchTemplate-",
            "network_interfaces": [],
            "placement": [],
            "private_dns_name_options": [],
            "ram_disk_id": "",
            "security_group_names": [],
            "tag_specifications": [
              {
                "resource_type": "instance",
                "tags": {
                  "Environment": "Development",
                  "ManagedBy": "Terraform",
                  "Name": "NginxDemo-NginxServer-ASG-Instance",
                  "Project": "NginxDemo"
                }
              },
              {
                "resource_type": "volume",
                "tags": {
                  "Environment": "Development",
                  "ManagedBy": "Terraform",
                  "Name": "NginxDemo-NginxServer-ASG-Volume",
                  "Project": "NginxDemo"
                }
              }
            ],
            "tags": {
              "Environment": "Development",
              "ManagedBy": "Terraform",
              "Name": "NginxDemo-LaunchTemplate",
              "Project": "NginxDemo"
            },
            "tags_all": {
              "Environment": "Development",
              "ManagedBy": "Terraform",
              "Name": "NginxDemo-LaunchTemplate",
              "Project": "NginxDemo"
            },
            "update_default_version": null,
            "user_data": "",
            "vpc_security_group_ids": [
              "sg-07990bafea9201ef7"
            ]
          },
          "sensitive_attributes": [],
          "identity_schema_version": 0,
          "private": "bnVsbA==",
          "dependencies": [
            "aws_iam_instance_profile.ec2_profile",
            "aws_iam_role.ec2_role",
            "aws_key_pair.generated_key",
            "aws_security_group.alb_sg",
            "aws_security_group.ec2_sg",
            "aws_vpc.main",
            "tls_private_key.ssh_key"
          ],
          "create_before_destroy": true
        }
      ]
    },
    {
      "mode": "managed",
      "type": "aws_lb",
      "name": "nginx_alb",
      "provider": "provider[\"registry.terraform.io/hashicorp/aws\"]",
      "instances": [
        {
          "schema_version": 0,
          "attributes": {
            "access_logs": [
              {
                "bucket": "",
                "enabled": false,
                "prefix": ""
              }
            ],
            "arn": "arn:aws:elasticloadbalancing:us-east-1:292235351794:loadbalancer/app/NginxDemo-ALB/672a84bfb294b019",
            "arn_suffix": "app/NginxDemo-ALB/672a84bfb294b019",
            "client_keep_alive": 3600,
            "connection_logs": [
              {
                "bucket": "",
                "enabled": false,
                "prefix": ""
              }
            ],
            "customer_owned_ipv4_pool": "",
            "desync_mitigation_mode": "defensive",
            "dns_name": "NginxDemo-ALB-1461164369.us-east-1.elb.amazonaws.com",
            "dns_record_client_routing_policy": null,
            "drop_invalid_header_fields": false,
            "enable_cross_zone_load_balancing": true,
            "enable_deletion_protection": false,
            "enable_http2": true,
            "enable_tls_version_and_cipher_suite_headers": false,
            "enable_waf_fail_open": false,
            "enable_xff_client_port": false,
            "enable_zonal_shift": false,
            "enforce_security_group_inbound_rules_on_private_link_traffic": "",
            "id": "arn:aws:elasticloadbalancing:us-east-1:292235351794:loadbalancer/app/NginxDemo-ALB/672a84bfb294b019",
            "idle_timeout": 60,
            "internal": false,
            "ip_address_type": "ipv4",
            "ipam_pools": [],
            "load_balancer_type": "application",
            "minimum_load_balancer_capacity": [],
            "name": "NginxDemo-ALB",
            "name_prefix": "",
            "preserve_host_header": false,
            "security_groups": [
              "sg-004753e3e345442d6"
            ],
            "subnet_mapping": [
              {
                "allocation_id": "",
                "ipv6_address": "",
                "outpost_id": "",
                "private_ipv4_address": "",
                "subnet_id": "subnet-0ba43263cf0c669a7"
              },
              {
                "allocation_id": "",
                "ipv6_address": "",
                "outpost_id": "",
                "private_ipv4_address": "",
                "subnet_id": "subnet-0cbf854040cc73081"
              }
            ],
            "subnets": [
              "subnet-0ba43263cf0c669a7",
              "subnet-0cbf854040cc73081"
            ],
            "tags": {
              "Environment": "Development",
              "ManagedBy": "Terraform",
              "Name": "NginxDemo-ALB",
              "Project": "NginxDemo"
            },
            "tags_all": {
              "Environment": "Development",
              "ManagedBy": "Terraform",
              "Name": "NginxDemo-ALB",
              "Project": "NginxDemo"
            },
            "timeouts": null,
            "vpc_id": "vpc-05691143d3f6baeef",
            "xff_header_processing_mode": "append",
            "zone_id": "Z35SXDOTRQ7X7K"
          },
          "sensitive_attributes": [],
          "identity_schema_version": 0,
          "private": "eyJlMmJmYjczMC1lY2FhLTExZTYtOGY4OC0zNDM2M2JjN2M0YzAiOnsiY3JlYXRlIjo2MDAwMDAwMDAwMDAsImRlbGV0ZSI6NjAwMDAwMDAwMDAwLCJ1cGRhdGUiOjYwMDAwMDAwMDAwMH19",
          "dependencies": [
            "aws_security_group.alb_sg",
            "aws_subnet.public_subnets",
            "aws_vpc.main"
          ]
        }
      ]
    },
    {
      "mode": "managed",
      "type": "aws_lb_listener",
      "name": "nginx_http_listener",
      "provider": "provider[\"registry.terraform.io/hashicorp/aws\"]",
      "instances": [
        {
          "schema_version": 0,
          "attributes": {
            "alpn_policy": null,
            "arn": "arn:aws:elasticloadbalancing:us-east-1:292235351794:listener/app/NginxDemo-ALB/672a84bfb294b019/8c3f49323697b9ef",
            "certificate_arn": null,
            "default_action": [
              {
                "authenticate_cognito": [],
                "authenticate_oidc": [],
                "fixed_response": [],
                "forward": [],
                "order": 1,
                "redirect": [
                  {
                    "host": "#{host}",
                    "path": "/#{path}",
                    "port": "443",
                    "protocol": "HTTPS",
                    "query": "#{query}",
                    "status_code": "HTTP_301"
                  }
                ],
                "target_group_arn": "",
                "type": "redirect"
              }
            ],
            "id": "arn:aws:elasticloadbalancing:us-east-1:292235351794:listener/app/NginxDemo-ALB/672a84bfb294b019/8c3f49323697b9ef",
            "load_balancer_arn": "arn:aws:elasticloadbalancing:us-east-1:292235351794:loadbalancer/app/NginxDemo-ALB/672a84bfb294b019",
            "mutual_authentication": [],
            "port": 80,
            "protocol": "HTTP",
            "routing_http_request_x_amzn_mtls_clientcert_header_name": null,
            "routing_http_request_x_amzn_mtls_clientcert_issuer_header_name": null,
            "routing_http_request_x_amzn_mtls_clientcert_leaf_header_name": null,
            "routing_http_request_x_amzn_mtls_clientcert_serial_number_header_name": null,
            "routing_http_request_x_amzn_mtls_clientcert_subject_header_name": null,
            "routing_http_request_x_amzn_mtls_clientcert_validity_header_name": null,
            "routing_http_request_x_amzn_tls_cipher_suite_header_name": null,
            "routing_http_request_x_amzn_tls_version_header_name": null,
            "routing_http_response_access_control_allow_credentials_header_value": "",
            "routing_http_response_access_control_allow_headers_header_value": "",
            "routing_http_response_access_control_allow_methods_header_value": "",
            "routing_http_response_access_control_allow_origin_header_value": "",
            "routing_http_response_access_control_expose_headers_header_value": "",
            "routing_http_response_access_control_max_age_header_value": "",
            "routing_http_response_content_security_policy_header_value": "",
            "routing_http_response_server_enabled": true,
            "routing_http_response_strict_transport_security_header_value": "",
            "routing_http_response_x_content_type_options_header_value": "",
            "routing_http_response_x_frame_options_header_value": "",
            "ssl_policy": "",
            "tags": {
              "Environment": "Development",
              "ManagedBy": "Terraform",
              "Name": "NginxDemo-HTTPListener",
              "Project": "NginxDemo"
            },
            "tags_all": {
              "Environment": "Development",
              "ManagedBy": "Terraform",
              "Name": "NginxDemo-HTTPListener",
              "Project": "NginxDemo"
            },
            "tcp_idle_timeout_seconds": null,
            "timeouts": null
          },
          "sensitive_attributes": [],
          "identity_schema_version": 0,
          "private": "eyJlMmJmYjczMC1lY2FhLTExZTYtOGY4OC0zNDM2M2JjN2M0YzAiOnsiY3JlYXRlIjozMDAwMDAwMDAwMDAsInVwZGF0ZSI6MzAwMDAwMDAwMDAwfX0=",
          "dependencies": [
            "aws_lb.nginx_alb",
            "aws_security_group.alb_sg",
            "aws_subnet.public_subnets",
            "aws_vpc.main"
          ]
        }
      ]
    },
    {
      "mode": "managed",
      "type": "aws_lb_listener",
      "name": "nginx_https_listener",
      "provider": "provider[\"registry.terraform.io/hashicorp/aws\"]",
      "instances": [
        {
          "schema_version": 0,
          "attributes": {
            "alpn_policy": null,
            "arn": "arn:aws:elasticloadbalancing:us-east-1:292235351794:listener/app/NginxDemo-ALB/672a84bfb294b019/f4357b6700f0bedc",
            "certificate_arn": "arn:aws:acm:us-east-1:292235351794:certificate/28cf8d11-1bd5-4855-8a5a-4d01423d5da6",
            "default_action": [
              {
                "authenticate_cognito": [],
                "authenticate_oidc": [],
                "fixed_response": [],
                "forward": [],
                "order": 1,
                "redirect": [],
                "target_group_arn": "arn:aws:elasticloadbalancing:us-east-1:292235351794:targetgroup/NginxDemo-NginxTG/8051ef0ebb42db08",
                "type": "forward"
              }
            ],
            "id": "arn:aws:elasticloadbalancing:us-east-1:292235351794:listener/app/NginxDemo-ALB/672a84bfb294b019/f4357b6700f0bedc",
            "load_balancer_arn": "arn:aws:elasticloadbalancing:us-east-1:292235351794:loadbalancer/app/NginxDemo-ALB/672a84bfb294b019",
            "mutual_authentication": [
              {
                "advertise_trust_store_ca_names": "",
                "ignore_client_certificate_expiry": false,
                "mode": "off",
                "trust_store_arn": ""
              }
            ],
            "port": 443,
            "protocol": "HTTPS",
            "routing_http_request_x_amzn_mtls_clientcert_header_name": "",
            "routing_http_request_x_amzn_mtls_clientcert_issuer_header_name": "",
            "routing_http_request_x_amzn_mtls_clientcert_leaf_header_name": "",
            "routing_http_request_x_amzn_mtls_clientcert_serial_number_header_name": "",
            "routing_http_request_x_amzn_mtls_clientcert_subject_header_name": "",
            "routing_http_request_x_amzn_mtls_clientcert_validity_header_name": "",
            "routing_http_request_x_amzn_tls_cipher_suite_header_name": "",
            "routing_http_request_x_amzn_tls_version_header_name": "",
            "routing_http_response_access_control_allow_credentials_header_value": "",
            "routing_http_response_access_control_allow_headers_header_value": "",
            "routing_http_response_access_control_allow_methods_header_value": "",
            "routing_http_response_access_control_allow_origin_header_value": "",
            "routing_http_response_access_control_expose_headers_header_value": "",
            "routing_http_response_access_control_max_age_header_value": "",
            "routing_http_response_content_security_policy_header_value": "",
            "routing_http_response_server_enabled": true,
            "routing_http_response_strict_transport_security_header_value": "",
            "routing_http_response_x_content_type_options_header_value": "",
            "routing_http_response_x_frame_options_header_value": "",
            "ssl_policy": "ELBSecurityPolicy-TLS13-1-2-2021-06",
            "tags": {
              "Environment": "Development",
              "ManagedBy": "Terraform",
              "Name": "NginxDemo-HTTPSListener",
              "Project": "NginxDemo"
            },
            "tags_all": {
              "Environment": "Development",
              "ManagedBy": "Terraform",
              "Name": "NginxDemo-HTTPSListener",
              "Project": "NginxDemo"
            },
            "tcp_idle_timeout_seconds": null,
            "timeouts": null
          },
          "sensitive_attributes": [],
          "identity_schema_version": 0,
          "private": "eyJlMmJmYjczMC1lY2FhLTExZTYtOGY4OC0zNDM2M2JjN2M0YzAiOnsiY3JlYXRlIjozMDAwMDAwMDAwMDAsInVwZGF0ZSI6MzAwMDAwMDAwMDAwfX0=",
          "dependencies": [
            "aws_lb.nginx_alb",
            "aws_lb_target_group.nginx_tg",
            "aws_security_group.alb_sg",
            "aws_subnet.public_subnets",
            "aws_vpc.main"
          ]
        }
      ]
    },
    {
      "mode": "managed",
      "type": "aws_lb_target_group",
      "name": "nginx_tg",
      "provider": "provider[\"registry.terraform.io/hashicorp/aws\"]",
      "instances": [
        {
          "schema_version": 0,
          "attributes": {
            "arn": "arn:aws:elasticloadbalancing:us-east-1:292235351794:targetgroup/NginxDemo-NginxTG/8051ef0ebb42db08",
            "arn_suffix": "targetgroup/NginxDemo-NginxTG/8051ef0ebb42db08",
            "connection_termination": null,
            "deregistration_delay": "300",
            "health_check": [
              {
                "enabled": true,
                "healthy_threshold": 2,
                "interval": 30,
                "matcher": "200",
                "path": "/",
                "port": "traffic-port",
                "protocol": "HTTPS",
                "timeout": 5,
                "unhealthy_threshold": 2
              }
            ],
            "id": "arn:aws:elasticloadbalancing:us-east-1:292235351794:targetgroup/NginxDemo-NginxTG/8051ef0ebb42db08",
            "ip_address_type": "ipv4",
            "lambda_multi_value_headers_enabled": false,
            "load_balancer_arns": [
              "arn:aws:elasticloadbalancing:us-east-1:292235351794:loadbalancer/app/NginxDemo-ALB/672a84bfb294b019"
            ],
            "load_balancing_algorithm_type": "round_robin",
            "load_balancing_anomaly_mitigation": "off",
            "load_balancing_cross_zone_enabled": "use_load_balancer_configuration",
            "name": "NginxDemo-NginxTG",
            "name_prefix": "",
            "port": 443,
            "preserve_client_ip": null,
            "protocol": "HTTPS",
            "protocol_version": "HTTP1",
            "proxy_protocol_v2": false,
            "slow_start": 0,
            "stickiness": [
              {
                "cookie_duration": 86400,
                "cookie_name": "",
                "enabled": false,
                "type": "lb_cookie"
              }
            ],
            "tags": {
              "Environment": "Development",
              "ManagedBy": "Terraform",
              "Name": "NginxDemo-NginxTG",
              "Project": "NginxDemo"
            },
            "tags_all": {
              "Environment": "Development",
              "ManagedBy": "Terraform",
              "Name": "NginxDemo-NginxTG",
              "Project": "NginxDemo"
            },
            "target_failover": [
              {
                "on_deregistration": null,
                "on_unhealthy": null
              }
            ],
            "target_group_health": [
              {
                "dns_failover": [
                  {
                    "minimum_healthy_targets_count": "1",
                    "minimum_healthy_targets_percentage": "off"
                  }
                ],
                "unhealthy_state_routing": [
                  {
                    "minimum_healthy_targets_count": 1,
                    "minimum_healthy_targets_percentage": "off"
                  }
                ]
              }
            ],
            "target_health_state": [
              {
                "enable_unhealthy_connection_termination": null,
                "unhealthy_draining_interval": null
              }
            ],
            "target_type": "instance",
            "vpc_id": "vpc-05691143d3f6baeef"
          },
          "sensitive_attributes": [],
          "identity_schema_version": 0,
          "private": "bnVsbA==",
          "dependencies": [
            "aws_vpc.main"
          ],
          "create_before_destroy": true
        }
      ]
    },
    {
      "mode": "managed",
      "type": "aws_nat_gateway",
      "name": "main",
      "provider": "provider[\"registry.terraform.io/hashicorp/aws\"]",
      "instances": [
        {
          "schema_version": 0,
          "attributes": {
            "allocation_id": "eipalloc-03fd3e093e33c988d",
            "association_id": "eipassoc-047ccc2b2d8821a56",
            "connectivity_type": "public",
            "id": "nat-00e253523158b0b0c",
            "network_interface_id": "eni-01cb33ef7577b85e4",
            "private_ip": "10.0.1.154",
            "public_ip": "50.16.98.8",
            "secondary_allocation_ids": [],
            "secondary_private_ip_address_count": 0,
            "secondary_private_ip_addresses": [],
            "subnet_id": "subnet-0cbf854040cc73081",
            "tags": {
              "Environment": "Development",
              "ManagedBy": "Terraform",
              "Name": "NginxDemo-NATGateway",
              "Project": "NginxDemo"
            },
            "tags_all": {
              "Environment": "Development",
              "ManagedBy": "Terraform",
              "Name": "NginxDemo-NATGateway",
              "Project": "NginxDemo"
            },
            "timeouts": null
          },
          "sensitive_attributes": [],
          "identity_schema_version": 0,
          "private": "eyJlMmJmYjczMC1lY2FhLTExZTYtOGY4OC0zNDM2M2JjN2M0YzAiOnsiY3JlYXRlIjo2MDAwMDAwMDAwMDAsImRlbGV0ZSI6MTgwMDAwMDAwMDAwMCwidXBkYXRlIjo2MDAwMDAwMDAwMDB9fQ==",
          "dependencies": [
            "aws_eip.nat_eip",
            "aws_internet_gateway.gw",
            "aws_subnet.public_subnets",
            "aws_vpc.main"
          ]
        }
      ]
    },
    {
      "mode": "managed",
      "type": "aws_route_table",
      "name": "private_rt",
      "provider": "provider[\"registry.terraform.io/hashicorp/aws\"]",
      "instances": [
        {
          "schema_version": 0,
          "attributes": {
            "arn": "arn:aws:ec2:us-east-1:292235351794:route-table/rtb-07bf94c9642dc9b0c",
            "id": "rtb-07bf94c9642dc9b0c",
            "owner_id": "292235351794",
            "propagating_vgws": [],
            "route": [
              {
                "carrier_gateway_id": "",
                "cidr_block": "0.0.0.0/0",
                "core_network_arn": "",
                "destination_prefix_list_id": "",
                "egress_only_gateway_id": "",
                "gateway_id": "",
                "ipv6_cidr_block": "",
                "local_gateway_id": "",
                "nat_gateway_id": "nat-00e253523158b0b0c",
                "network_interface_id": "",
                "transit_gateway_id": "",
                "vpc_endpoint_id": "",
                "vpc_peering_connection_id": ""
              }
            ],
            "tags": {
              "Environment": "Development",
              "ManagedBy": "Terraform",
              "Name": "NginxDemo-PrivateRT",
              "Project": "NginxDemo"
            },
            "tags_all": {
              "Environment": "Development",
              "ManagedBy": "Terraform",
              "Name": "NginxDemo-PrivateRT",
              "Project": "NginxDemo"
            },
            "timeouts": null,
            "vpc_id": "vpc-05691143d3f6baeef"
          },
          "sensitive_attributes": [],
          "identity_schema_version": 0,
          "private": "eyJlMmJmYjczMC1lY2FhLTExZTYtOGY4OC0zNDM2M2JjN2M0YzAiOnsiY3JlYXRlIjozMDAwMDAwMDAwMDAsImRlbGV0ZSI6MzAwMDAwMDAwMDAwLCJ1cGRhdGUiOjEyMDAwMDAwMDAwMH19",
          "dependencies": [
            "aws_eip.nat_eip",
            "aws_internet_gateway.gw",
            "aws_nat_gateway.main",
            "aws_subnet.public_subnets",
            "aws_vpc.main"
          ]
        }
      ]
    },
    {
      "mode": "managed",
      "type": "aws_route_table",
      "name": "public_rt",
      "provider": "provider[\"registry.terraform.io/hashicorp/aws\"]",
      "instances": [
        {
          "schema_version": 0,
          "attributes": {
            "arn": "arn:aws:ec2:us-east-1:292235351794:route-table/rtb-0393cc8a0592d005a",
            "id": "rtb-0393cc8a0592d005a",
            "owner_id": "292235351794",
            "propagating_vgws": [],
            "route": [
              {
                "carrier_gateway_id": "",
                "cidr_block": "0.0.0.0/0",
                "core_network_arn": "",
                "destination_prefix_list_id": "",
                "egress_only_gateway_id": "",
                "gateway_id": "igw-014dfe11b6c132ced",
                "ipv6_cidr_block": "",
                "local_gateway_id": "",
                "nat_gateway_id": "",
                "network_interface_id": "",
                "transit_gateway_id": "",
                "vpc_endpoint_id": "",
                "vpc_peering_connection_id": ""
              }
            ],
            "tags": {
              "Environment": "Development",
              "ManagedBy": "Terraform",
              "Name": "NginxDemo-PublicRT",
              "Project": "NginxDemo"
            },
            "tags_all": {
              "Environment": "Development",
              "ManagedBy": "Terraform",
              "Name": "NginxDemo-PublicRT",
              "Project": "NginxDemo"
            },
            "timeouts": null,
            "vpc_id": "vpc-05691143d3f6baeef"
          },
          "sensitive_attributes": [],
          "identity_schema_version": 0,
          "private": "eyJlMmJmYjczMC1lY2FhLTExZTYtOGY4OC0zNDM2M2JjN2M0YzAiOnsiY3JlYXRlIjozMDAwMDAwMDAwMDAsImRlbGV0ZSI6MzAwMDAwMDAwMDAwLCJ1cGRhdGUiOjEyMDAwMDAwMDAwMH19",
          "dependencies": [
            "aws_internet_gateway.gw",
            "aws_vpc.main"
          ]
        }
      ]
    },
    {
      "mode": "managed",
      "type": "aws_route_table_association",
      "name": "private_subnet_associations",
      "provider": "provider[\"registry.terraform.io/hashicorp/aws\"]",
      "instances": [
        {
          "index_key": "private_subnet_1",
          "schema_version": 0,
          "attributes": {
            "gateway_id": "",
            "id": "rtbassoc-077c42e25e9caace5",
            "route_table_id": "rtb-07bf94c9642dc9b0c",
            "subnet_id": "subnet-0378f9962cfce86a9",
            "timeouts": null
          },
          "sensitive_attributes": [],
          "identity_schema_version": 0,
          "private": "eyJlMmJmYjczMC1lY2FhLTExZTYtOGY4OC0zNDM2M2JjN2M0YzAiOnsiY3JlYXRlIjozMDAwMDAwMDAwMDAsImRlbGV0ZSI6MzAwMDAwMDAwMDAwLCJ1cGRhdGUiOjEyMDAwMDAwMDAwMH19",
          "dependencies": [
            "aws_eip.nat_eip",
            "aws_internet_gateway.gw",
            "aws_nat_gateway.main",
            "aws_route_table.private_rt",
            "aws_subnet.private_subnets",
            "aws_subnet.public_subnets",
            "aws_vpc.main"
          ]
        },
        {
          "index_key": "private_subnet_2",
          "schema_version": 0,
          "attributes": {
            "gateway_id": "",
            "id": "rtbassoc-08935532f11b251a3",
            "route_table_id": "rtb-07bf94c9642dc9b0c",
            "subnet_id": "subnet-00cac3db7e43c07dc",
            "timeouts": null
          },
          "sensitive_attributes": [],
          "identity_schema_version": 0,
          "private": "eyJlMmJmYjczMC1lY2FhLTExZTYtOGY4OC0zNDM2M2JjN2M0YzAiOnsiY3JlYXRlIjozMDAwMDAwMDAwMDAsImRlbGV0ZSI6MzAwMDAwMDAwMDAwLCJ1cGRhdGUiOjEyMDAwMDAwMDAwMH19",
          "dependencies": [
            "aws_eip.nat_eip",
            "aws_internet_gateway.gw",
            "aws_nat_gateway.main",
            "aws_route_table.private_rt",
            "aws_subnet.private_subnets",
            "aws_subnet.public_subnets",
            "aws_vpc.main"
          ]
        }
      ]
    },
    {
      "mode": "managed",
      "type": "aws_route_table_association",
      "name": "public_subnet_associations",
      "provider": "provider[\"registry.terraform.io/hashicorp/aws\"]",
      "instances": [
        {
          "index_key": "public_subnet_1",
          "schema_version": 0,
          "attributes": {
            "gateway_id": "",
            "id": "rtbassoc-0d7446589a9058043",
            "route_table_id": "rtb-0393cc8a0592d005a",
            "subnet_id": "subnet-0cbf854040cc73081",
            "timeouts": null
          },
          "sensitive_attributes": [],
          "identity_schema_version": 0,
          "private": "eyJlMmJmYjczMC1lY2FhLTExZTYtOGY4OC0zNDM2M2JjN2M0YzAiOnsiY3JlYXRlIjozMDAwMDAwMDAwMDAsImRlbGV0ZSI6MzAwMDAwMDAwMDAwLCJ1cGRhdGUiOjEyMDAwMDAwMDAwMH19",
          "dependencies": [
            "aws_internet_gateway.gw",
            "aws_route_table.public_rt",
            "aws_subnet.public_subnets",
            "aws_vpc.main"
          ]
        },
        {
          "index_key": "public_subnet_2",
          "schema_version": 0,
          "attributes": {
            "gateway_id": "",
            "id": "rtbassoc-0484a9a4a8c31d796",
            "route_table_id": "rtb-0393cc8a0592d005a",
            "subnet_id": "subnet-0ba43263cf0c669a7",
            "timeouts": null
          },
          "sensitive_attributes": [],
          "identity_schema_version": 0,
          "private": "eyJlMmJmYjczMC1lY2FhLTExZTYtOGY4OC0zNDM2M2JjN2M0YzAiOnsiY3JlYXRlIjozMDAwMDAwMDAwMDAsImRlbGV0ZSI6MzAwMDAwMDAwMDAwLCJ1cGRhdGUiOjEyMDAwMDAwMDAwMH19",
          "dependencies": [
            "aws_internet_gateway.gw",
            "aws_route_table.public_rt",
            "aws_subnet.public_subnets",
            "aws_vpc.main"
          ]
        }
      ]
    },
    {
      "mode": "managed",
      "type": "aws_security_group",
      "name": "alb_sg",
      "provider": "provider[\"registry.terraform.io/hashicorp/aws\"]",
      "instances": [
        {
          "schema_version": 1,
          "attributes": {
            "arn": "arn:aws:ec2:us-east-1:292235351794:security-group/sg-004753e3e345442d6",
            "description": "Allow HTTP and HTTPS traffic to ALB for NginxDemo",
            "egress": [
              {
                "cidr_blocks": [
                  "0.0.0.0/0"
                ],
                "description": "",
                "from_port": 0,
                "ipv6_cidr_blocks": [],
                "prefix_list_ids": [],
                "protocol": "-1",
                "security_groups": [],
                "self": false,
                "to_port": 0
              }
            ],
            "id": "sg-004753e3e345442d6",
            "ingress": [
              {
                "cidr_blocks": [
                  "0.0.0.0/0"
                ],
                "description": "Allow HTTP from anywhere",
                "from_port": 80,
                "ipv6_cidr_blocks": [],
                "prefix_list_ids": [],
                "protocol": "tcp",
                "security_groups": [],
                "self": false,
                "to_port": 80
              },
              {
                "cidr_blocks": [
                  "0.0.0.0/0"
                ],
                "description": "Allow HTTPS from anywhere",
                "from_port": 443,
                "ipv6_cidr_blocks": [],
                "prefix_list_ids": [],
                "protocol": "tcp",
                "security_groups": [],
                "self": false,
                "to_port": 443
              }
            ],
            "name": "NginxDemo-ALBSG",
            "name_prefix": "",
            "owner_id": "292235351794",
            "revoke_rules_on_delete": false,
            "tags": {
              "Environment": "Development",
              "ManagedBy": "Terraform",
              "Name": "NginxDemo-ALBSG",
              "Project": "NginxDemo"
            },
            "tags_all": {
              "Environment": "Development",
              "ManagedBy": "Terraform",
              "Name": "NginxDemo-ALBSG",
              "Project": "NginxDemo"
            },
            "timeouts": null,
            "vpc_id": "vpc-05691143d3f6baeef"
          },
          "sensitive_attributes": [],
          "identity_schema_version": 0,
          "private": "eyJlMmJmYjczMC1lY2FhLTExZTYtOGY4OC0zNDM2M2JjN2M0YzAiOnsiY3JlYXRlIjo2MDAwMDAwMDAwMDAsImRlbGV0ZSI6OTAwMDAwMDAwMDAwfSwic2NoZW1hX3ZlcnNpb24iOiIxIn0=",
          "dependencies": [
            "aws_vpc.main"
          ],
          "create_before_destroy": true
        }
      ]
    },
    {
      "mode": "managed",
      "type": "aws_security_group",
      "name": "ansible_control_sg",
      "provider": "provider[\"registry.terraform.io/hashicorp/aws\"]",
      "instances": [
        {
          "schema_version": 1,
          "attributes": {
            "arn": "arn:aws:ec2:us-east-1:292235351794:security-group/sg-0dac2821a28887333",
            "description": "Allow SSH from my IP to Ansible Control Node \u0026 outbound to private instances",
            "egress": [
              {
                "cidr_blocks": [
                  "0.0.0.0/0"
                ],
                "description": "Allow all other outbound traffic",
                "from_port": 0,
                "ipv6_cidr_blocks": [],
                "prefix_list_ids": [],
                "protocol": "-1",
                "security_groups": [],
                "self": false,
                "to_port": 0
              }
            ],
            "id": "sg-0dac2821a28887333",
            "ingress": [
              {
                "cidr_blocks": [
                  "0.0.0.0/0"
                ],
                "description": "Allow SSH from my public IP",
                "from_port": 22,
                "ipv6_cidr_blocks": [],
                "prefix_list_ids": [],
                "protocol": "tcp",
                "security_groups": [],
                "self": false,
                "to_port": 22
              }
            ],
            "name": "NginxDemo-AnsibleControlSG",
            "name_prefix": "",
            "owner_id": "292235351794",
            "revoke_rules_on_delete": false,
            "tags": {
              "Environment": "Development",
              "ManagedBy": "Terraform",
              "Name": "NginxDemo-AnsibleControlSG",
              "Project": "NginxDemo"
            },
            "tags_all": {
              "Environment": "Development",
              "ManagedBy": "Terraform",
              "Name": "NginxDemo-AnsibleControlSG",
              "Project": "NginxDemo"
            },
            "timeouts": null,
            "vpc_id": "vpc-05691143d3f6baeef"
          },
          "sensitive_attributes": [],
          "identity_schema_version": 0,
          "private": "eyJlMmJmYjczMC1lY2FhLTExZTYtOGY4OC0zNDM2M2JjN2M0YzAiOnsiY3JlYXRlIjo2MDAwMDAwMDAwMDAsImRlbGV0ZSI6OTAwMDAwMDAwMDAwfSwic2NoZW1hX3ZlcnNpb24iOiIxIn0=",
          "dependencies": [
            "aws_vpc.main"
          ]
        }
      ]
    },
    {
      "mode": "managed",
      "type": "aws_security_group",
      "name": "ec2_sg",
      "provider": "provider[\"registry.terraform.io/hashicorp/aws\"]",
      "instances": [
        {
          "schema_version": 1,
          "attributes": {
            "arn": "arn:aws:ec2:us-east-1:292235351794:security-group/sg-07990bafea9201ef7",
            "description": "Allow HTTP/HTTPS from ALB and SSH from Ansible Control Node for NginxDemo EC2",
            "egress": [
              {
                "cidr_blocks": [
                  "0.0.0.0/0"
                ],
                "description": "",
                "from_port": 0,
                "ipv6_cidr_blocks": [],
                "prefix_list_ids": [],
                "protocol": "-1",
                "security_groups": [],
                "self": false,
                "to_port": 0
              }
            ],
            "id": "sg-07990bafea9201ef7",
            "ingress": [
              {
                "cidr_blocks": [],
                "description": "Allow HTTP from ALB",
                "from_port": 80,
                "ipv6_cidr_blocks": [],
                "prefix_list_ids": [],
                "protocol": "tcp",
                "security_groups": [
                  "sg-004753e3e345442d6"
                ],
                "self": false,
                "to_port": 80
              },
              {
                "cidr_blocks": [],
                "description": "Allow HTTPS from ALB",
                "from_port": 443,
                "ipv6_cidr_blocks": [],
                "prefix_list_ids": [],
                "protocol": "tcp",
                "security_groups": [
                  "sg-004753e3e345442d6"
                ],
                "self": false,
                "to_port": 443
              }
            ],
            "name": "NginxDemo-EC2SG",
            "name_prefix": "",
            "owner_id": "292235351794",
            "revoke_rules_on_delete": false,
            "tags": {
              "Environment": "Development",
              "ManagedBy": "Terraform",
              "Name": "NginxDemo-EC2SG",
              "Project": "NginxDemo"
            },
            "tags_all": {
              "Environment": "Development",
              "ManagedBy": "Terraform",
              "Name": "NginxDemo-EC2SG",
              "Project": "NginxDemo"
            },
            "timeouts": null,
            "vpc_id": "vpc-05691143d3f6baeef"
          },
          "sensitive_attributes": [],
          "identity_schema_version": 0,
          "private": "eyJlMmJmYjczMC1lY2FhLTExZTYtOGY4OC0zNDM2M2JjN2M0YzAiOnsiY3JlYXRlIjo2MDAwMDAwMDAwMDAsImRlbGV0ZSI6OTAwMDAwMDAwMDAwfSwic2NoZW1hX3ZlcnNpb24iOiIxIn0=",
          "dependencies": [
            "aws_security_group.alb_sg",
            "aws_vpc.main"
          ],
          "create_before_destroy": true
        }
      ]
    },
    {
      "mode": "managed",
      "type": "aws_security_group_rule",
      "name": "ansible_to_alb_ingress",
      "provider": "provider[\"registry.terraform.io/hashicorp/aws\"]",
      "instances": [
        {
          "schema_version": 2,
          "attributes": {
            "cidr_blocks": null,
            "description": "Allow SSH from Ansible Control Node to ALB",
            "from_port": 22,
            "id": "sgrule-826667206",
            "ipv6_cidr_blocks": null,
            "prefix_list_ids": null,
            "protocol": "tcp",
            "security_group_id": "sg-004753e3e345442d6",
            "security_group_rule_id": "sgr-098200219c611c5a4",
            "self": false,
            "source_security_group_id": "sg-0dac2821a28887333",
            "timeouts": null,
            "to_port": 22,
            "type": "ingress"
          },
          "sensitive_attributes": [],
          "identity_schema_version": 0,
          "private": "eyJlMmJmYjczMC1lY2FhLTExZTYtOGY4OC0zNDM2M2JjN2M0YzAiOnsiY3JlYXRlIjozMDAwMDAwMDAwMDB9LCJzY2hlbWFfdmVyc2lvbiI6IjIifQ==",
          "dependencies": [
            "aws_security_group.alb_sg",
            "aws_security_group.ansible_control_sg",
            "aws_vpc.main"
          ]
        }
      ]
    },
    {
      "mode": "managed",
      "type": "aws_security_group_rule",
      "name": "ansible_to_ec2_ssh_ingress",
      "provider": "provider[\"registry.terraform.io/hashicorp/aws\"]",
      "instances": [
        {
          "schema_version": 2,
          "attributes": {
            "cidr_blocks": null,
            "description": "Allow SSH from Ansible Control Node to Nginx ASG instances",
            "from_port": 22,
            "id": "sgrule-1213248820",
            "ipv6_cidr_blocks": null,
            "prefix_list_ids": null,
            "protocol": "tcp",
            "security_group_id": "sg-07990bafea9201ef7",
            "security_group_rule_id": "sgr-0618aa046d9c418ba",
            "self": false,
            "source_security_group_id": "sg-0dac2821a28887333",
            "timeouts": null,
            "to_port": 22,
            "type": "ingress"
          },
          "sensitive_attributes": [],
          "identity_schema_version": 0,
          "private": "eyJlMmJmYjczMC1lY2FhLTExZTYtOGY4OC0zNDM2M2JjN2M0YzAiOnsiY3JlYXRlIjozMDAwMDAwMDAwMDB9LCJzY2hlbWFfdmVyc2lvbiI6IjIifQ==",
          "dependencies": [
            "aws_security_group.alb_sg",
            "aws_security_group.ansible_control_sg",
            "aws_security_group.ec2_sg",
            "aws_vpc.main"
          ]
        }
      ]
    },
    {
      "mode": "managed",
      "type": "aws_subnet",
      "name": "private_subnets",
      "provider": "provider[\"registry.terraform.io/hashicorp/aws\"]",
      "instances": [
        {
          "index_key": "private_subnet_1",
          "schema_version": 1,
          "attributes": {
            "arn": "arn:aws:ec2:us-east-1:292235351794:subnet/subnet-0378f9962cfce86a9",
            "assign_ipv6_address_on_creation": false,
            "availability_zone": "us-east-1a",
            "availability_zone_id": "use1-az1",
            "cidr_block": "10.0.10.0/24",
            "customer_owned_ipv4_pool": "",
            "enable_dns64": false,
            "enable_lni_at_device_index": 0,
            "enable_resource_name_dns_a_record_on_launch": false,
            "enable_resource_name_dns_aaaa_record_on_launch": false,
            "id": "subnet-0378f9962cfce86a9",
            "ipv6_cidr_block": "",
            "ipv6_cidr_block_association_id": "",
            "ipv6_native": false,
            "map_customer_owned_ip_on_launch": false,
            "map_public_ip_on_launch": false,
            "outpost_arn": "",
            "owner_id": "292235351794",
            "private_dns_hostname_type_on_launch": "ip-name",
            "tags": {
              "Environment": "Development",
              "ManagedBy": "Terraform",
              "Name": "NginxDemo-private_subnet_1",
              "Project": "NginxDemo"
            },
            "tags_all": {
              "Environment": "Development",
              "ManagedBy": "Terraform",
              "Name": "NginxDemo-private_subnet_1",
              "Project": "NginxDemo"
            },
            "timeouts": null,
            "vpc_id": "vpc-05691143d3f6baeef"
          },
          "sensitive_attributes": [],
          "identity_schema_version": 0,
          "private": "eyJlMmJmYjczMC1lY2FhLTExZTYtOGY4OC0zNDM2M2JjN2M0YzAiOnsiY3JlYXRlIjo2MDAwMDAwMDAwMDAsImRlbGV0ZSI6MTIwMDAwMDAwMDAwMH0sInNjaGVtYV92ZXJzaW9uIjoiMSJ9",
          "dependencies": [
            "aws_vpc.main"
          ],
          "create_before_destroy": true
        },
        {
          "index_key": "private_subnet_2",
          "schema_version": 1,
          "attributes": {
            "arn": "arn:aws:ec2:us-east-1:292235351794:subnet/subnet-00cac3db7e43c07dc",
            "assign_ipv6_address_on_creation": false,
            "availability_zone": "us-east-1b",
            "availability_zone_id": "use1-az2",
            "cidr_block": "10.0.11.0/24",
            "customer_owned_ipv4_pool": "",
            "enable_dns64": false,
            "enable_lni_at_device_index": 0,
            "enable_resource_name_dns_a_record_on_launch": false,
            "enable_resource_name_dns_aaaa_record_on_launch": false,
            "id": "subnet-00cac3db7e43c07dc",
            "ipv6_cidr_block": "",
            "ipv6_cidr_block_association_id": "",
            "ipv6_native": false,
            "map_customer_owned_ip_on_launch": false,
            "map_public_ip_on_launch": false,
            "outpost_arn": "",
            "owner_id": "292235351794",
            "private_dns_hostname_type_on_launch": "ip-name",
            "tags": {
              "Environment": "Development",
              "ManagedBy": "Terraform",
              "Name": "NginxDemo-private_subnet_2",
              "Project": "NginxDemo"
            },
            "tags_all": {
              "Environment": "Development",
              "ManagedBy": "Terraform",
              "Name": "NginxDemo-private_subnet_2",
              "Project": "NginxDemo"
            },
            "timeouts": null,
            "vpc_id": "vpc-05691143d3f6baeef"
          },
          "sensitive_attributes": [],
          "identity_schema_version": 0,
          "private": "eyJlMmJmYjczMC1lY2FhLTExZTYtOGY4OC0zNDM2M2JjN2M0YzAiOnsiY3JlYXRlIjo2MDAwMDAwMDAwMDAsImRlbGV0ZSI6MTIwMDAwMDAwMDAwMH0sInNjaGVtYV92ZXJzaW9uIjoiMSJ9",
          "dependencies": [
            "aws_vpc.main"
          ],
          "create_before_destroy": true
        }
      ]
    },
    {
      "mode": "managed",
      "type": "aws_subnet",
      "name": "public_subnets",
      "provider": "provider[\"registry.terraform.io/hashicorp/aws\"]",
      "instances": [
        {
          "index_key": "public_subnet_1",
          "schema_version": 1,
          "attributes": {
            "arn": "arn:aws:ec2:us-east-1:292235351794:subnet/subnet-0cbf854040cc73081",
            "assign_ipv6_address_on_creation": false,
            "availability_zone": "us-east-1a",
            "availability_zone_id": "use1-az1",
            "cidr_block": "10.0.1.0/24",
            "customer_owned_ipv4_pool": "",
            "enable_dns64": false,
            "enable_lni_at_device_index": 0,
            "enable_resource_name_dns_a_record_on_launch": false,
            "enable_resource_name_dns_aaaa_record_on_launch": false,
            "id": "subnet-0cbf854040cc73081",
            "ipv6_cidr_block": "",
            "ipv6_cidr_block_association_id": "",
            "ipv6_native": false,
            "map_customer_owned_ip_on_launch": false,
            "map_public_ip_on_launch": true,
            "outpost_arn": "",
            "owner_id": "292235351794",
            "private_dns_hostname_type_on_launch": "ip-name",
            "tags": {
              "Environment": "Development",
              "ManagedBy": "Terraform",
              "Name": "NginxDemo-public_subnet_1",
              "Project": "NginxDemo"
            },
            "tags_all": {
              "Environment": "Development",
              "ManagedBy": "Terraform",
              "Name": "NginxDemo-public_subnet_1",
              "Project": "NginxDemo"
            },
            "timeouts": null,
            "vpc_id": "vpc-05691143d3f6baeef"
          },
          "sensitive_attributes": [],
          "identity_schema_version": 0,
          "private": "eyJlMmJmYjczMC1lY2FhLTExZTYtOGY4OC0zNDM2M2JjN2M0YzAiOnsiY3JlYXRlIjo2MDAwMDAwMDAwMDAsImRlbGV0ZSI6MTIwMDAwMDAwMDAwMH0sInNjaGVtYV92ZXJzaW9uIjoiMSJ9",
          "dependencies": [
            "aws_vpc.main"
          ]
        },
        {
          "index_key": "public_subnet_2",
          "schema_version": 1,
          "attributes": {
            "arn": "arn:aws:ec2:us-east-1:292235351794:subnet/subnet-0ba43263cf0c669a7",
            "assign_ipv6_address_on_creation": false,
            "availability_zone": "us-east-1b",
            "availability_zone_id": "use1-az2",
            "cidr_block": "10.0.2.0/24",
            "customer_owned_ipv4_pool": "",
            "enable_dns64": false,
            "enable_lni_at_device_index": 0,
            "enable_resource_name_dns_a_record_on_launch": false,
            "enable_resource_name_dns_aaaa_record_on_launch": false,
            "id": "subnet-0ba43263cf0c669a7",
            "ipv6_cidr_block": "",
            "ipv6_cidr_block_association_id": "",
            "ipv6_native": false,
            "map_customer_owned_ip_on_launch": false,
            "map_public_ip_on_launch": true,
            "outpost_arn": "",
            "owner_id": "292235351794",
            "private_dns_hostname_type_on_launch": "ip-name",
            "tags": {
              "Environment": "Development",
              "ManagedBy": "Terraform",
              "Name": "NginxDemo-public_subnet_2",
              "Project": "NginxDemo"
            },
            "tags_all": {
              "Environment": "Development",
              "ManagedBy": "Terraform",
              "Name": "NginxDemo-public_subnet_2",
              "Project": "NginxDemo"
            },
            "timeouts": null,
            "vpc_id": "vpc-05691143d3f6baeef"
          },
          "sensitive_attributes": [],
          "identity_schema_version": 0,
          "private": "eyJlMmJmYjczMC1lY2FhLTExZTYtOGY4OC0zNDM2M2JjN2M0YzAiOnsiY3JlYXRlIjo2MDAwMDAwMDAwMDAsImRlbGV0ZSI6MTIwMDAwMDAwMDAwMH0sInNjaGVtYV92ZXJzaW9uIjoiMSJ9",
          "dependencies": [
            "aws_vpc.main"
          ]
        }
      ]
    },
    {
      "mode": "managed",
      "type": "aws_vpc",
      "name": "main",
      "provider": "provider[\"registry.terraform.io/hashicorp/aws\"]",
      "instances": [
        {
          "schema_version": 1,
          "attributes": {
            "arn": "arn:aws:ec2:us-east-1:292235351794:vpc/vpc-05691143d3f6baeef",
            "assign_generated_ipv6_cidr_block": false,
            "cidr_block": "10.0.0.0/16",
            "default_network_acl_id": null,
            "default_route_table_id": "rtb-029c885d3fa03cafe",
            "default_security_group_id": "sg-086f55d6d988a9b17",
            "dhcp_options_id": "dopt-60b47c18",
            "enable_dns_hostnames": true,
            "enable_dns_support": true,
            "enable_network_address_usage_metrics": false,
            "id": "vpc-05691143d3f6baeef",
            "instance_tenancy": "default",
            "ipv4_ipam_pool_id": null,
            "ipv4_netmask_length": null,
            "ipv6_association_id": "",
            "ipv6_cidr_block": "",
            "ipv6_cidr_block_network_border_group": "",
            "ipv6_ipam_pool_id": "",
            "ipv6_netmask_length": 0,
            "main_route_table_id": "rtb-029c885d3fa03cafe",
            "owner_id": "292235351794",
            "tags": {
              "Environment": "Development",
              "ManagedBy": "Terraform",
              "Name": "NginxDemo-VPC",
              "Project": "NginxDemo"
            },
            "tags_all": {
              "Environment": "Development",
              "ManagedBy": "Terraform",
              "Name": "NginxDemo-VPC",
              "Project": "NginxDemo"
            }
          },
          "sensitive_attributes": [],
          "identity_schema_version": 0,
          "private": "eyJzY2hlbWFfdmVyc2lvbiI6IjEifQ==",
          "create_before_destroy": true
        }
      ]
    },
    {
      "mode": "managed",
      "type": "tls_private_key",
      "name": "ssh_key",
      "provider": "provider[\"registry.terraform.io/hashicorp/tls\"]",
      "instances": [
        {
          "schema_version": 1,
          "attributes": {
            "algorithm": "RSA",
            "ecdsa_curve": "P224",
            "id": "8e96d43d9101cee497b48dea5f328b4f68cf67b5",
            "private_key_openssh": "-----BEGIN OPENSSH PRIVATE KEY-----\nb3BlbnNzaC1rZXktdjEAAAAABG5vbmUAAAAEbm9uZQAAAAAAAAABAAACFwAAAAdz\nc2gtcnNhAAAAAwEAAQAAAgEA0g9K2VFLwU6x782+nKosyNNDW+vIlG3lq8N5c839\n/Tdw+zYz/NSD/sr20wMyUaHdjDwYp5ZX/UXod5wl/bwPQayoPd9pPu9FC0odjhfl\noO6OChvfVC9ntmZc3FQyNy0XJGzbx4LYzZY3dspB4KNzTs9KSvwNonL2EMfe8VwR\nKz6rXkh1jC/c9yZe6R5YcBLv8k5+4vgx+75exaUmgMh4aokYrnzzDgF4qjjXhEXS\nNovNg2b098d+BWwS2f/cElB+aPHrgTkWpMYYBDqHH/7srvT/PwqqfoIWMHK8a2jK\nBXUkjjYUhaDe20CwUFuXr73g5A3SdgJnBzEP0zbbbZSwfX5tDA4UyqSvJKTYxwcK\n2KjXlJtmv03YyuEtnovs9WkAukt7HrwLjaVD7iasIvF2n08UneV45FF3P/jbXzdl\nIkvUSovbm8IuPvmkx1yoqbLPa5/lBhPkQ6a+k2DiVQCg5GS2JPlQmF1nF5fX5vL/\nFzEVUjm963CW532iIrCwu4lNUk2oaxkYZK+RnMQZfv4GZ4ymbpwNq0LyUFYa2f06\nk5/lbRqGMSN86aGMKN1IRxJMC6irSDj1aEHZ62JikzTKb3AZvylWKjriqeTtP97I\nadslPUdaggJXm9e2QgcBFDmpp0C8X8stIappjg/1YuWkq+H9zu/X+QH9aNSeT1zc\n0w8AAAc473UFR+91BUcAAAAHc3NoLXJzYQAAAgEA0g9K2VFLwU6x782+nKosyNND\nW+vIlG3lq8N5c839/Tdw+zYz/NSD/sr20wMyUaHdjDwYp5ZX/UXod5wl/bwPQayo\nPd9pPu9FC0odjhfloO6OChvfVC9ntmZc3FQyNy0XJGzbx4LYzZY3dspB4KNzTs9K\nSvwNonL2EMfe8VwRKz6rXkh1jC/c9yZe6R5YcBLv8k5+4vgx+75exaUmgMh4aokY\nrnzzDgF4qjjXhEXSNovNg2b098d+BWwS2f/cElB+aPHrgTkWpMYYBDqHH/7srvT/\nPwqqfoIWMHK8a2jKBXUkjjYUhaDe20CwUFuXr73g5A3SdgJnBzEP0zbbbZSwfX5t\nDA4UyqSvJKTYxwcK2KjXlJtmv03YyuEtnovs9WkAukt7HrwLjaVD7iasIvF2n08U\nneV45FF3P/jbXzdlIkvUSovbm8IuPvmkx1yoqbLPa5/lBhPkQ6a+k2DiVQCg5GS2\nJPlQmF1nF5fX5vL/FzEVUjm963CW532iIrCwu4lNUk2oaxkYZK+RnMQZfv4GZ4ym\nbpwNq0LyUFYa2f06k5/lbRqGMSN86aGMKN1IRxJMC6irSDj1aEHZ62JikzTKb3AZ\nvylWKjriqeTtP97IadslPUdaggJXm9e2QgcBFDmpp0C8X8stIappjg/1YuWkq+H9\nzu/X+QH9aNSeT1zc0w8AAAADAQABAAACADtPjxJCVpH7ztkHblkc4a1InX3QWt+y\nEgXIGTxd/uem5lNAEDjEpopkM4IMJoKPIheNBmcXV7vPJ97R65Yzqdkgz5Y8xSI8\ne/G+mQ68Z51jjh6DlTDXe8CwMWsSqOUUabLiu8GfC+ksj3eOj0BG1nF7rR30AkOK\nkzjUvnnGxaBAvzFNY0dUYl80adsHsu/eIPr5N/GNI8vRij/jLDZzpDBsilgGNriP\nKMtjZlLWRg8ZtUrzYJqvrMEKLV55VGGlcbPfDuB7Ro360uAqyGl72MdjrMhXkiFL\nSMmgM9xeB6C33Tz8Pxol/JbKsp3V5sP76Ipr7q9caUvKCg5YsGdF8vjRFY0+oUwV\nlnO4ymjR9YF9QlIFR99pJKuhHMXKR512tmcEGm6+LzijbLPJmScFCLzV0dNxV0P2\nOjyW4qozW4L2EAZCtloWT5RDSIfew1f5DAEEhF090wFHUHZ8lFrqunGthMvdn68X\nP8hJ4pYvIGD2GQyrr5GNJDbQUSIogbwQrcCZX326dUB/yFzio42Cjp7b0tx0m7t8\nhWJXeGX+g87zQxbhA/HULFK/iCaprrTd2gtrajPVOh7dqoPmLqjcvu7faedPdhpW\n8TRhFSrNv1Yw3uINdaAeyLz3RZ2YWaZe1TIFero7CuiMxLDlvsGFjyOArB0yRDqF\nqaJMMpi3cTENAAABADtNvkBkzQdUMnCTxzPP5oEEcTbfCAS65x4nbCMawUpdWo3C\nN8/6ESmXXDe1CDUCs/vRHPhJla4LkqWXJ1xFyD8tCKjmACz+9lZAS1eGqUGc/9dA\nZIjYP67xr39VDh7X+3joUfxJ7RUNXRboJ7NkxygVmaJuZG1FH9PlRDnUCo2CtCDn\nkRdgco8bCtg+bBOmxAzYyH+NmsPqeL4/3UUx1KqcIvFNQYrM7BPKNae+dbiK8Hqt\n2S/XV6kj3xwkkRb7iCTT3FnlPT1XPUk+uDm5+y4gc4AprsVvDy8lWpYm2ee1rv//\nCEVuK1irgjS4MSC/65+2hMRnov7PEc4Lwdyx8acAAAEBAN+TSyN89BbhuT45TvJL\nuerpSLy+wl1oHWdn28tTX/eTK8IsP0qBWhcrU75cDa/vHmdyVF09XhGlGsITA4Vt\nazFb1gwqvKsyCx2Eo+igb6RM2IFGAZVXdzCUhn2SP72MFyGMEDT4WP6Hez4oTDay\n5CK5JrfwvSwUgcw5rGHzj7KY+AhHM20kcu2uwcPWZhlBeWv5oOIis4iG9azppNoF\n1KCTyt04bppt0nd/FOGiOTtPMRvKJRkjVDspW61WhTuJNwcTYoAK22sCtk8aZLit\nMm8+ubJNNyOVSmUr55FT/28RLwm7lcxj7/PMQhUNa9noSXQ9Wtvl/+X762lMSOyQ\n0bsAAAEBAPCGM+DaYsgfAs8UCzEU/AVI5sCPj4Wr5jT5m1ZTJ/BORhzhkZvxaLSA\nt+0TgA/8CHmV3DlDMQIfkMvMElEcDA2OZiRqmh2jIp36HoYsT4zP7B3SBYzRHKRK\nvnPrepPgYmCzisMluJiZfX1/iuKcgeDZ9MgSBI3EIeIF62aOdUl/oezIVNCQ7Lpi\nA0CdL22v7j00oGlu5hl93BIRapvkz5yPmnL/bmgFJskPGiRC9QGQhOUNQH0rW5L1\nhLTBeOpZ2BU7iBp5pjCeYOpExUqkJqTyJJcKp+iB5PwqJnhe1JQ0VnMMVLzJYTKd\nzKmOqq6e6MckQA4WXFTs9AR/RaCINL0AAAAAAQID\n-----END OPENSSH PRIVATE KEY-----\n",
            "private_key_pem": "-----BEGIN RSA PRIVATE KEY-----\nMIIJKAIBAAKCAgEA0g9K2VFLwU6x782+nKosyNNDW+vIlG3lq8N5c839/Tdw+zYz\n/NSD/sr20wMyUaHdjDwYp5ZX/UXod5wl/bwPQayoPd9pPu9FC0odjhfloO6OChvf\nVC9ntmZc3FQyNy0XJGzbx4LYzZY3dspB4KNzTs9KSvwNonL2EMfe8VwRKz6rXkh1\njC/c9yZe6R5YcBLv8k5+4vgx+75exaUmgMh4aokYrnzzDgF4qjjXhEXSNovNg2b0\n98d+BWwS2f/cElB+aPHrgTkWpMYYBDqHH/7srvT/PwqqfoIWMHK8a2jKBXUkjjYU\nhaDe20CwUFuXr73g5A3SdgJnBzEP0zbbbZSwfX5tDA4UyqSvJKTYxwcK2KjXlJtm\nv03YyuEtnovs9WkAukt7HrwLjaVD7iasIvF2n08UneV45FF3P/jbXzdlIkvUSovb\nm8IuPvmkx1yoqbLPa5/lBhPkQ6a+k2DiVQCg5GS2JPlQmF1nF5fX5vL/FzEVUjm9\n63CW532iIrCwu4lNUk2oaxkYZK+RnMQZfv4GZ4ymbpwNq0LyUFYa2f06k5/lbRqG\nMSN86aGMKN1IRxJMC6irSDj1aEHZ62JikzTKb3AZvylWKjriqeTtP97IadslPUda\nggJXm9e2QgcBFDmpp0C8X8stIappjg/1YuWkq+H9zu/X+QH9aNSeT1zc0w8CAwEA\nAQKCAgA7T48SQlaR+87ZB25ZHOGtSJ190FrfshIFyBk8Xf7npuZTQBA4xKaKZDOC\nDCaCjyIXjQZnF1e7zyfe0euWM6nZIM+WPMUiPHvxvpkOvGedY44eg5Uw13vAsDFr\nEqjlFGmy4rvBnwvpLI93jo9ARtZxe60d9AJDipM41L55xsWgQL8xTWNHVGJfNGnb\nB7Lv3iD6+TfxjSPL0Yo/4yw2c6QwbIpYBja4jyjLY2ZS1kYPGbVK82Car6zBCi1e\neVRhpXGz3w7ge0aN+tLgKshpe9jHY6zIV5IhS0jJoDPcXgegt908/D8aJfyWyrKd\n1ebD++iKa+6vXGlLygoOWLBnRfL40RWNPqFMFZZzuMpo0fWBfUJSBUffaSSroRzF\nykeddrZnBBpuvi84o2yzyZknBQi81dHTcVdD9jo8luKqM1uC9hAGQrZaFk+UQ0iH\n3sNX+QwBBIRdPdMBR1B2fJRa6rpxrYTL3Z+vFz/ISeKWLyBg9hkMq6+RjSQ20FEi\nKIG8EK3AmV99unVAf8hc4qONgo6e29LcdJu7fIViV3hl/oPO80MW4QPx1CxSv4gm\nqa603doLa2oz1Toe3aqD5i6o3L7u32nnT3YaVvE0YRUqzb9WMN7iDXWgHsi890Wd\nmFmmXtUyBXq6OwrojMSw5b7BhY8jgKwdMkQ6hamiTDKYt3ExDQKCAQEA35NLI3z0\nFuG5PjlO8ku56ulIvL7CXWgdZ2fby1Nf95Mrwiw/SoFaFytTvlwNr+8eZ3JUXT1e\nEaUawhMDhW1rMVvWDCq8qzILHYSj6KBvpEzYgUYBlVd3MJSGfZI/vYwXIYwQNPhY\n/od7PihMNrLkIrkmt/C9LBSBzDmsYfOPspj4CEczbSRy7a7Bw9ZmGUF5a/mg4iKz\niIb1rOmk2gXUoJPK3Thumm3Sd38U4aI5O08xG8olGSNUOylbrVaFO4k3BxNigArb\nawK2TxpkuK0ybz65sk03I5VKZSvnkVP/bxEvCbuVzGPv88xCFQ1r2ehJdD1a2+X/\n5fvraUxI7JDRuwKCAQEA8IYz4NpiyB8CzxQLMRT8BUjmwI+PhavmNPmbVlMn8E5G\nHOGRm/FotIC37ROAD/wIeZXcOUMxAh+Qy8wSURwMDY5mJGqaHaMinfoehixPjM/s\nHdIFjNEcpEq+c+t6k+BiYLOKwyW4mJl9fX+K4pyB4Nn0yBIEjcQh4gXrZo51SX+h\n7MhU0JDsumIDQJ0vba/uPTSgaW7mGX3cEhFqm+TPnI+acv9uaAUmyQ8aJEL1AZCE\n5Q1AfStbkvWEtMF46lnYFTuIGnmmMJ5g6kTFSqQmpPIklwqn6IHk/ComeF7UlDRW\ncwxUvMlhMp3MqY6qrp7oxyRADhZcVOz0BH9FoIg0vQKCAQEAhQkre9l9kSQNy2Xk\ngS7oWU0pWA6Wr2glnwNg+VMKVtI/BpK3sojX59ODSFGUX20FBX81jinXEN7S1krk\nHIAoeb1w19qSW7gyfwUPV3woEncbmYjjpk7egIzQnmXpAcwbc33ZovtoUUSi5DCs\ncRvvvm24CVn55wHo3nIvDjYU+qwlYx+jDT3UGXSUngi0xjB8pPBseEM323SbOaHp\n00YG6Ooom4xZ3BCfXTXEYiLatV0BFs0pWBT6qR2KDNHgA7Y5hT9WrGRJfhqmCtnk\ntzNwQFvtuZhSyBysoRkH+SUnaJqsB7mUgIOzI7oWVFqhI5AiLUXZC+KHa/2EbirT\nddkSwwKCAQB5unHnCp+TyJ4TT4GahZRG2G5wZjes3yLTDMChH9TGudaiJ0caNUNY\nlwx+36+gZ12iq0WZdXgIKxGNEuryQc+XzMnFBG6bMUUDzuJD5YkdKt3E+dX1Pp/Q\nRkO9Rx/yV01yw2sm+KBEGup36WTQ64SP178awoOre+fqDDTm4pJZcE7zFzBVngMx\nEQm0Wdj3GmLodwn4UjgCDsCiJE5gN50bD1KLgNrPqkvG1e3VDE4TTKD1i49nydm+\ntqNDF+eqM2440LhBLe/+CynhZoyzCgDE2gfKqYnxEkxhkrOFl/jeSN63uzXnlcOr\nalF6PsoDNkl4/8+rUYXJNWMKI5+Jb2XBAoIBADtNvkBkzQdUMnCTxzPP5oEEcTbf\nCAS65x4nbCMawUpdWo3CN8/6ESmXXDe1CDUCs/vRHPhJla4LkqWXJ1xFyD8tCKjm\nACz+9lZAS1eGqUGc/9dAZIjYP67xr39VDh7X+3joUfxJ7RUNXRboJ7NkxygVmaJu\nZG1FH9PlRDnUCo2CtCDnkRdgco8bCtg+bBOmxAzYyH+NmsPqeL4/3UUx1KqcIvFN\nQYrM7BPKNae+dbiK8Hqt2S/XV6kj3xwkkRb7iCTT3FnlPT1XPUk+uDm5+y4gc4Ap\nrsVvDy8lWpYm2ee1rv//CEVuK1irgjS4MSC/65+2hMRnov7PEc4Lwdyx8ac=\n-----END RSA PRIVATE KEY-----\n",
            "private_key_pem_pkcs8": "-----BEGIN PRIVATE KEY-----\nMIIJQgIBADANBgkqhkiG9w0BAQEFAASCCSwwggkoAgEAAoICAQDSD0rZUUvBTrHv\nzb6cqizI00Nb68iUbeWrw3lzzf39N3D7NjP81IP+yvbTAzJRod2MPBinllf9Reh3\nnCX9vA9BrKg932k+70ULSh2OF+Wg7o4KG99UL2e2ZlzcVDI3LRckbNvHgtjNljd2\nykHgo3NOz0pK/A2icvYQx97xXBErPqteSHWML9z3Jl7pHlhwEu/yTn7i+DH7vl7F\npSaAyHhqiRiufPMOAXiqONeERdI2i82DZvT3x34FbBLZ/9wSUH5o8euBORakxhgE\nOocf/uyu9P8/Cqp+ghYwcrxraMoFdSSONhSFoN7bQLBQW5evveDkDdJ2AmcHMQ/T\nNtttlLB9fm0MDhTKpK8kpNjHBwrYqNeUm2a/TdjK4S2ei+z1aQC6S3sevAuNpUPu\nJqwi8XafTxSd5XjkUXc/+NtfN2UiS9RKi9ubwi4++aTHXKipss9rn+UGE+RDpr6T\nYOJVAKDkZLYk+VCYXWcXl9fm8v8XMRVSOb3rcJbnfaIisLC7iU1STahrGRhkr5Gc\nxBl+/gZnjKZunA2rQvJQVhrZ/TqTn+VtGoYxI3zpoYwo3UhHEkwLqKtIOPVoQdnr\nYmKTNMpvcBm/KVYqOuKp5O0/3shp2yU9R1qCAleb17ZCBwEUOamnQLxfyy0hqmmO\nD/Vi5aSr4f3O79f5Af1o1J5PXNzTDwIDAQABAoICADtPjxJCVpH7ztkHblkc4a1I\nnX3QWt+yEgXIGTxd/uem5lNAEDjEpopkM4IMJoKPIheNBmcXV7vPJ97R65Yzqdkg\nz5Y8xSI8e/G+mQ68Z51jjh6DlTDXe8CwMWsSqOUUabLiu8GfC+ksj3eOj0BG1nF7\nrR30AkOKkzjUvnnGxaBAvzFNY0dUYl80adsHsu/eIPr5N/GNI8vRij/jLDZzpDBs\nilgGNriPKMtjZlLWRg8ZtUrzYJqvrMEKLV55VGGlcbPfDuB7Ro360uAqyGl72Mdj\nrMhXkiFLSMmgM9xeB6C33Tz8Pxol/JbKsp3V5sP76Ipr7q9caUvKCg5YsGdF8vjR\nFY0+oUwVlnO4ymjR9YF9QlIFR99pJKuhHMXKR512tmcEGm6+LzijbLPJmScFCLzV\n0dNxV0P2OjyW4qozW4L2EAZCtloWT5RDSIfew1f5DAEEhF090wFHUHZ8lFrqunGt\nhMvdn68XP8hJ4pYvIGD2GQyrr5GNJDbQUSIogbwQrcCZX326dUB/yFzio42Cjp7b\n0tx0m7t8hWJXeGX+g87zQxbhA/HULFK/iCaprrTd2gtrajPVOh7dqoPmLqjcvu7f\naedPdhpW8TRhFSrNv1Yw3uINdaAeyLz3RZ2YWaZe1TIFero7CuiMxLDlvsGFjyOA\nrB0yRDqFqaJMMpi3cTENAoIBAQDfk0sjfPQW4bk+OU7yS7nq6Ui8vsJdaB1nZ9vL\nU1/3kyvCLD9KgVoXK1O+XA2v7x5nclRdPV4RpRrCEwOFbWsxW9YMKryrMgsdhKPo\noG+kTNiBRgGVV3cwlIZ9kj+9jBchjBA0+Fj+h3s+KEw2suQiuSa38L0sFIHMOaxh\n84+ymPgIRzNtJHLtrsHD1mYZQXlr+aDiIrOIhvWs6aTaBdSgk8rdOG6abdJ3fxTh\nojk7TzEbyiUZI1Q7KVutVoU7iTcHE2KACttrArZPGmS4rTJvPrmyTTcjlUplK+eR\nU/9vES8Ju5XMY+/zzEIVDWvZ6El0PVrb5f/l++tpTEjskNG7AoIBAQDwhjPg2mLI\nHwLPFAsxFPwFSObAj4+Fq+Y0+ZtWUyfwTkYc4ZGb8Wi0gLftE4AP/Ah5ldw5QzEC\nH5DLzBJRHAwNjmYkapodoyKd+h6GLE+Mz+wd0gWM0RykSr5z63qT4GJgs4rDJbiY\nmX19f4rinIHg2fTIEgSNxCHiBetmjnVJf6HsyFTQkOy6YgNAnS9tr+49NKBpbuYZ\nfdwSEWqb5M+cj5py/25oBSbJDxokQvUBkITlDUB9K1uS9YS0wXjqWdgVO4gaeaYw\nnmDqRMVKpCak8iSXCqfogeT8KiZ4XtSUNFZzDFS8yWEyncypjqqunujHJEAOFlxU\n7PQEf0WgiDS9AoIBAQCFCSt72X2RJA3LZeSBLuhZTSlYDpavaCWfA2D5UwpW0j8G\nkreyiNfn04NIUZRfbQUFfzWOKdcQ3tLWSuQcgCh5vXDX2pJbuDJ/BQ9XfCgSdxuZ\niOOmTt6AjNCeZekBzBtzfdmi+2hRRKLkMKxxG+++bbgJWfnnAejeci8ONhT6rCVj\nH6MNPdQZdJSeCLTGMHyk8Gx4QzfbdJs5oenTRgbo6iibjFncEJ9dNcRiItq1XQEW\nzSlYFPqpHYoM0eADtjmFP1asZEl+GqYK2eS3M3BAW+25mFLIHKyhGQf5JSdomqwH\nuZSAg7MjuhZUWqEjkCItRdkL4odr/YRuKtN12RLDAoIBAHm6cecKn5PInhNPgZqF\nlEbYbnBmN6zfItMMwKEf1Ma51qInRxo1Q1iXDH7fr6BnXaKrRZl1eAgrEY0S6vJB\nz5fMycUEbpsxRQPO4kPliR0q3cT51fU+n9BGQ71HH/JXTXLDayb4oEQa6nfpZNDr\nhI/XvxrCg6t75+oMNObikllwTvMXMFWeAzERCbRZ2PcaYuh3CfhSOAIOwKIkTmA3\nnRsPUouA2s+qS8bV7dUMThNMoPWLj2fJ2b62o0MX56ozbjjQuEEt7/4LKeFmjLMK\nAMTaB8qpifESTGGSs4WX+N5I3re7NeeVw6tqUXo+ygM2SXj/z6tRhck1Ywojn4lv\nZcECggEAO02+QGTNB1QycJPHM8/mgQRxNt8IBLrnHidsIxrBSl1ajcI3z/oRKZdc\nN7UINQKz+9Ec+EmVrguSpZcnXEXIPy0IqOYALP72VkBLV4apQZz/10BkiNg/rvGv\nf1UOHtf7eOhR/EntFQ1dFugns2THKBWZom5kbUUf0+VEOdQKjYK0IOeRF2ByjxsK\n2D5sE6bEDNjIf42aw+p4vj/dRTHUqpwi8U1BiszsE8o1p751uIrweq3ZL9dXqSPf\nHCSRFvuIJNPcWeU9PVc9ST64Obn7LiBzgCmuxW8PLyValibZ57Wu//8IRW4rWKuC\nNLgxIL/rn7aExGei/s8RzgvB3LHxpw==\n-----END PRIVATE KEY-----\n",
            "public_key_fingerprint_md5": "be:d8:f3:c5:02:98:ea:97:56:15:78:69:0c:b2:9a:68",
            "public_key_fingerprint_sha256": "SHA256:0itCudI7pUpG3s8C/gDtSPzvlGKguSD/VbSiW/7FmMM",
            "public_key_openssh": "ssh-rsa AAAAB3NzaC1yc2EAAAADAQABAAACAQDSD0rZUUvBTrHvzb6cqizI00Nb68iUbeWrw3lzzf39N3D7NjP81IP+yvbTAzJRod2MPBinllf9Reh3nCX9vA9BrKg932k+70ULSh2OF+Wg7o4KG99UL2e2ZlzcVDI3LRckbNvHgtjNljd2ykHgo3NOz0pK/A2icvYQx97xXBErPqteSHWML9z3Jl7pHlhwEu/yTn7i+DH7vl7FpSaAyHhqiRiufPMOAXiqONeERdI2i82DZvT3x34FbBLZ/9wSUH5o8euBORakxhgEOocf/uyu9P8/Cqp+ghYwcrxraMoFdSSONhSFoN7bQLBQW5evveDkDdJ2AmcHMQ/TNtttlLB9fm0MDhTKpK8kpNjHBwrYqNeUm2a/TdjK4S2ei+z1aQC6S3sevAuNpUPuJqwi8XafTxSd5XjkUXc/+NtfN2UiS9RKi9ubwi4++aTHXKipss9rn+UGE+RDpr6TYOJVAKDkZLYk+VCYXWcXl9fm8v8XMRVSOb3rcJbnfaIisLC7iU1STahrGRhkr5GcxBl+/gZnjKZunA2rQvJQVhrZ/TqTn+VtGoYxI3zpoYwo3UhHEkwLqKtIOPVoQdnrYmKTNMpvcBm/KVYqOuKp5O0/3shp2yU9R1qCAleb17ZCBwEUOamnQLxfyy0hqmmOD/Vi5aSr4f3O79f5Af1o1J5PXNzTDw==\n",
            "public_key_pem": "-----BEGIN PUBLIC KEY-----\nMIICIjANBgkqhkiG9w0BAQEFAAOCAg8AMIICCgKCAgEA0g9K2VFLwU6x782+nKos\nyNNDW+vIlG3lq8N5c839/Tdw+zYz/NSD/sr20wMyUaHdjDwYp5ZX/UXod5wl/bwP\nQayoPd9pPu9FC0odjhfloO6OChvfVC9ntmZc3FQyNy0XJGzbx4LYzZY3dspB4KNz\nTs9KSvwNonL2EMfe8VwRKz6rXkh1jC/c9yZe6R5YcBLv8k5+4vgx+75exaUmgMh4\naokYrnzzDgF4qjjXhEXSNovNg2b098d+BWwS2f/cElB+aPHrgTkWpMYYBDqHH/7s\nrvT/PwqqfoIWMHK8a2jKBXUkjjYUhaDe20CwUFuXr73g5A3SdgJnBzEP0zbbbZSw\nfX5tDA4UyqSvJKTYxwcK2KjXlJtmv03YyuEtnovs9WkAukt7HrwLjaVD7iasIvF2\nn08UneV45FF3P/jbXzdlIkvUSovbm8IuPvmkx1yoqbLPa5/lBhPkQ6a+k2DiVQCg\n5GS2JPlQmF1nF5fX5vL/FzEVUjm963CW532iIrCwu4lNUk2oaxkYZK+RnMQZfv4G\nZ4ymbpwNq0LyUFYa2f06k5/lbRqGMSN86aGMKN1IRxJMC6irSDj1aEHZ62JikzTK\nb3AZvylWKjriqeTtP97IadslPUdaggJXm9e2QgcBFDmpp0C8X8stIappjg/1YuWk\nq+H9zu/X+QH9aNSeT1zc0w8CAwEAAQ==\n-----END PUBLIC KEY-----\n",
            "rsa_bits": 4096
          },
          "sensitive_attributes": [
            [
              {
                "type": "get_attr",
                "value": "private_key_openssh"
              }
            ],
            [
              {
                "type": "get_attr",
                "value": "private_key_pem"
              }
            ],
            [
              {
                "type": "get_attr",
                "value": "private_key_pem_pkcs8"
              }
            ]
          ],
          "identity_schema_version": 0,
          "create_before_destroy": true
        }
      ]
    }
  ],
  "check_results": null
}
